// !$*UTF8*$!
{
	archiveVersion = 1;
	classes = {
	};
	objectVersion = 77;
	objects = {

/* Begin PBXBuildFile section */
		393F5A6A2E5C7F75009643D0 /* HomeVC.swift in Sources */ = {isa = PBXBuildFile; fileRef = 393F5A662E5C7F75009643D0 /* HomeVC.swift */; };
		393F5A6B2E5C7F75009643D0 /* UserListCVCell.swift in Sources */ = {isa = PBXBuildFile; fileRef = 393F5A632E5C7F75009643D0 /* UserListCVCell.swift */; };
		393F5A6C2E5C7F75009643D0 /* UserListCVCell.xib in Resources */ = {isa = PBXBuildFile; fileRef = 393F5A642E5C7F75009643D0 /* UserListCVCell.xib */; };
		393F5A6D2E5C7F75009643D0 /* HomeVC.xib in Resources */ = {isa = PBXBuildFile; fileRef = 393F5A672E5C7F75009643D0 /* HomeVC.xib */; };
		39AD9A4F2E5C8FCF0034B1B9 /* GalleryListCVCell.xib in Resources */ = {isa = PBXBuildFile; fileRef = 39AD9A4E2E5C8FCF0034B1B9 /* GalleryListCVCell.xib */; };
		39AD9A502E5C8FCF0034B1B9 /* GalleryListCVCell.swift in Sources */ = {isa = PBXBuildFile; fileRef = 39AD9A4D2E5C8FCF0034B1B9 /* GalleryListCVCell.swift */; };
		39B2444B2E5C825400B0138F /* Active24HVC.swift in Sources */ = {isa = PBXBuildFile; fileRef = 39B244492E5C825400B0138F /* Active24HVC.swift */; };
		39B2444C2E5C825400B0138F /* Active24HVC.xib in Resources */ = {isa = PBXBuildFile; fileRef = 39B2444A2E5C825400B0138F /* Active24HVC.xib */; };
		39B2444E2E5C82BB00B0138F /* UIViewController+Extension.swift in Sources */ = {isa = PBXBuildFile; fileRef = 39B2444D2E5C82BB00B0138F /* UIViewController+Extension.swift */; };
		39B244552E5C849D00B0138F /* FavoritesVC.swift in Sources */ = {isa = PBXBuildFile; fileRef = 39B244532E5C849D00B0138F /* FavoritesVC.swift */; };
		39B244562E5C849D00B0138F /* FavoritesVC.xib in Resources */ = {isa = PBXBuildFile; fileRef = 39B244542E5C849D00B0138F /* FavoritesVC.xib */; };
		39B2445B2E5C884300B0138F /* ProfileDetailsVC.swift in Sources */ = {isa = PBXBuildFile; fileRef = 39B244592E5C884300B0138F /* ProfileDetailsVC.swift */; };
		39B2445C2E5C884300B0138F /* ProfileDetailsVC.xib in Resources */ = {isa = PBXBuildFile; fileRef = 39B2445A2E5C884300B0138F /* ProfileDetailsVC.xib */; };
		887E235A2E5C44D00016E082 /* AppDelegate.swift in Sources */ = {isa = PBXBuildFile; fileRef = 887E23502E5C44D00016E082 /* AppDelegate.swift */; };
		887E235C2E5C44D00016E082 /* ViewController.swift in Sources */ = {isa = PBXBuildFile; fileRef = 887E23582E5C44D00016E082 /* ViewController.swift */; };
		887E235D2E5C44D00016E082 /* Assets.xcassets in Resources */ = {isa = PBXBuildFile; fileRef = 887E23512E5C44D00016E082 /* Assets.xcassets */; };
		887E235F2E5C44D00016E082 /* LaunchScreen.storyboard in Resources */ = {isa = PBXBuildFile; fileRef = 887E23542E5C44D00016E082 /* LaunchScreen.storyboard */; };
		887E23602E5C44D00016E082 /* Main.storyboard in Resources */ = {isa = PBXBuildFile; fileRef = 887E23562E5C44D00016E082 /* Main.storyboard */; };
		887E23672E5C4F0A0016E082 /* LoginVC.xib in Resources */ = {isa = PBXBuildFile; fileRef = 887E23662E5C4F0A0016E082 /* LoginVC.xib */; };
		887E23682E5C4F0A0016E082 /* LoginVC.swift in Sources */ = {isa = PBXBuildFile; fileRef = 887E23652E5C4F0A0016E082 /* LoginVC.swift */; };
		887E23852E5C53EF0016E082 /* Duration.swift in Sources */ = {isa = PBXBuildFile; fileRef = 887E237B2E5C53EF0016E082 /* Duration.swift */; };
		887E23862E5C53EF0016E082 /* AppUtilites.swift in Sources */ = {isa = PBXBuildFile; fileRef = 887E23812E5C53EF0016E082 /* AppUtilites.swift */; };
		887E23872E5C53EF0016E082 /* String+Timepiece.swift in Sources */ = {isa = PBXBuildFile; fileRef = 887E237A2E5C53EF0016E082 /* String+Timepiece.swift */; };
		887E23882E5C53EF0016E082 /* AppConstants.swift in Sources */ = {isa = PBXBuildFile; fileRef = 887E23832E5C53EF0016E082 /* AppConstants.swift */; };
		887E23892E5C53EF0016E082 /* WWCalendarTimeSelector.swift in Sources */ = {isa = PBXBuildFile; fileRef = 887E23782E5C53EF0016E082 /* WWCalendarTimeSelector.swift */; };
		887E238B2E5C53EF0016E082 /* VideoPicker.swift in Sources */ = {isa = PBXBuildFile; fileRef = 887E237F2E5C53EF0016E082 /* VideoPicker.swift */; };
		887E238C2E5C53EF0016E082 /* ImagePicker.swift in Sources */ = {isa = PBXBuildFile; fileRef = 887E237D2E5C53EF0016E082 /* ImagePicker.swift */; };
		887E238D2E5C53EF0016E082 /* NSDate+Timepiece.swift in Sources */ = {isa = PBXBuildFile; fileRef = 887E23792E5C53EF0016E082 /* NSDate+Timepiece.swift */; };
		887E238E2E5C53EF0016E082 /* NSDateComponents+Timepiece.swift in Sources */ = {isa = PBXBuildFile; fileRef = 887E23742E5C53EF0016E082 /* NSDateComponents+Timepiece.swift */; };
		887E238F2E5C53EF0016E082 /* Extentions.swift in Sources */ = {isa = PBXBuildFile; fileRef = 887E23732E5C53EF0016E082 /* Extentions.swift */; };
		887E23902E5C53EF0016E082 /* NSCalendar+Timepiece.swift in Sources */ = {isa = PBXBuildFile; fileRef = 887E23752E5C53EF0016E082 /* NSCalendar+Timepiece.swift */; };
		887E23912E5C53EF0016E082 /* PickerViewViewController.swift in Sources */ = {isa = PBXBuildFile; fileRef = 887E237E2E5C53EF0016E082 /* PickerViewViewController.swift */; };
		887E23922E5C53EF0016E082 /* AGDesignable.swift in Sources */ = {isa = PBXBuildFile; fileRef = 887E23822E5C53EF0016E082 /* AGDesignable.swift */; };
		887E23932E5C53EF0016E082 /* Int+Timepiece.swift in Sources */ = {isa = PBXBuildFile; fileRef = 887E23762E5C53EF0016E082 /* Int+Timepiece.swift */; };
		887E23942E5C53EF0016E082 /* WWCalendarTimeSelector.storyboard in Resources */ = {isa = PBXBuildFile; fileRef = 887E23772E5C53EF0016E082 /* WWCalendarTimeSelector.storyboard */; };
		887E23A62E5C55970016E082 /* String+Extension.swift in Sources */ = {isa = PBXBuildFile; fileRef = 887E23A42E5C55970016E082 /* String+Extension.swift */; };
		887E23A72E5C55970016E082 /* UIView+Extension.swift in Sources */ = {isa = PBXBuildFile; fileRef = 887E23A02E5C55970016E082 /* UIView+Extension.swift */; };
		887E23A82E5C55970016E082 /* UIColor+Extention.swift in Sources */ = {isa = PBXBuildFile; fileRef = 887E23A12E5C55970016E082 /* UIColor+Extention.swift */; };
		887E23A92E5C55970016E082 /* UIFont+Extension.swift in Sources */ = {isa = PBXBuildFile; fileRef = 887E23A22E5C55970016E082 /* UIFont+Extension.swift */; };
		887E23AA2E5C55970016E082 /* UIImageView+Extension.swift in Sources */ = {isa = PBXBuildFile; fileRef = 887E23A32E5C55970016E082 /* UIImageView+Extension.swift */; };
		887E23AF2E5C647C0016E082 /* ForgotPasswordVC.xib in Resources */ = {isa = PBXBuildFile; fileRef = 887E23AE2E5C647C0016E082 /* ForgotPasswordVC.xib */; };
		887E23B02E5C647C0016E082 /* ForgotPasswordVC.swift in Sources */ = {isa = PBXBuildFile; fileRef = 887E23AD2E5C647C0016E082 /* ForgotPasswordVC.swift */; };
		888C2CD52E5C6DD20047C8E5 /* RegisterVC.xib in Resources */ = {isa = PBXBuildFile; fileRef = 888C2CD42E5C6DD20047C8E5 /* RegisterVC.xib */; };
		888C2CD62E5C6DD20047C8E5 /* RegisterVC.swift in Sources */ = {isa = PBXBuildFile; fileRef = 888C2CD32E5C6DD20047C8E5 /* RegisterVC.swift */; };
/* End PBXBuildFile section */

/* Begin PBXFileReference section */
		393F5A632E5C7F75009643D0 /* UserListCVCell.swift */ = {isa = PBXFileReference; lastKnownFileType = sourcecode.swift; path = UserListCVCell.swift; sourceTree = "<group>"; };
		393F5A642E5C7F75009643D0 /* UserListCVCell.xib */ = {isa = PBXFileReference; lastKnownFileType = file.xib; path = UserListCVCell.xib; sourceTree = "<group>"; };
		393F5A662E5C7F75009643D0 /* HomeVC.swift */ = {isa = PBXFileReference; lastKnownFileType = sourcecode.swift; path = HomeVC.swift; sourceTree = "<group>"; };
		393F5A672E5C7F75009643D0 /* HomeVC.xib */ = {isa = PBXFileReference; lastKnownFileType = file.xib; path = HomeVC.xib; sourceTree = "<group>"; };
		39AD9A4D2E5C8FCF0034B1B9 /* GalleryListCVCell.swift */ = {isa = PBXFileReference; lastKnownFileType = sourcecode.swift; path = GalleryListCVCell.swift; sourceTree = "<group>"; };
		39AD9A4E2E5C8FCF0034B1B9 /* GalleryListCVCell.xib */ = {isa = PBXFileReference; lastKnownFileType = file.xib; path = GalleryListCVCell.xib; sourceTree = "<group>"; };
		39B244492E5C825400B0138F /* Active24HVC.swift */ = {isa = PBXFileReference; lastKnownFileType = sourcecode.swift; path = Active24HVC.swift; sourceTree = "<group>"; };
		39B2444A2E5C825400B0138F /* Active24HVC.xib */ = {isa = PBXFileReference; lastKnownFileType = file.xib; path = Active24HVC.xib; sourceTree = "<group>"; };
		39B2444D2E5C82BB00B0138F /* UIViewController+Extension.swift */ = {isa = PBXFileReference; lastKnownFileType = sourcecode.swift; path = "UIViewController+Extension.swift"; sourceTree = "<group>"; };
		39B244532E5C849D00B0138F /* FavoritesVC.swift */ = {isa = PBXFileReference; lastKnownFileType = sourcecode.swift; path = FavoritesVC.swift; sourceTree = "<group>"; };
		39B244542E5C849D00B0138F /* FavoritesVC.xib */ = {isa = PBXFileReference; lastKnownFileType = file.xib; path = FavoritesVC.xib; sourceTree = "<group>"; };
		39B244592E5C884300B0138F /* ProfileDetailsVC.swift */ = {isa = PBXFileReference; lastKnownFileType = sourcecode.swift; path = ProfileDetailsVC.swift; sourceTree = "<group>"; };
		39B2445A2E5C884300B0138F /* ProfileDetailsVC.xib */ = {isa = PBXFileReference; lastKnownFileType = file.xib; path = ProfileDetailsVC.xib; sourceTree = "<group>"; };
		887E23382E5C44C50016E082 /* Love Bite.app */ = {isa = PBXFileReference; explicitFileType = wrapper.application; includeInIndex = 0; path = "Love Bite.app"; sourceTree = BUILT_PRODUCTS_DIR; };
		887E23502E5C44D00016E082 /* AppDelegate.swift */ = {isa = PBXFileReference; lastKnownFileType = sourcecode.swift; path = AppDelegate.swift; sourceTree = "<group>"; };
		887E23512E5C44D00016E082 /* Assets.xcassets */ = {isa = PBXFileReference; lastKnownFileType = folder.assetcatalog; path = Assets.xcassets; sourceTree = "<group>"; };
		887E23522E5C44D00016E082 /* Info.plist */ = {isa = PBXFileReference; lastKnownFileType = text.plist.xml; path = Info.plist; sourceTree = "<group>"; };
		887E23532E5C44D00016E082 /* Base */ = {isa = PBXFileReference; lastKnownFileType = file.storyboard; name = Base; path = Base.lproj/LaunchScreen.storyboard; sourceTree = "<group>"; };
		887E23552E5C44D00016E082 /* Base */ = {isa = PBXFileReference; lastKnownFileType = file.storyboard; name = Base; path = Base.lproj/Main.storyboard; sourceTree = "<group>"; };
		887E23582E5C44D00016E082 /* ViewController.swift */ = {isa = PBXFileReference; lastKnownFileType = sourcecode.swift; path = ViewController.swift; sourceTree = "<group>"; };
		887E23652E5C4F0A0016E082 /* LoginVC.swift */ = {isa = PBXFileReference; lastKnownFileType = sourcecode.swift; path = LoginVC.swift; sourceTree = "<group>"; };
		887E23662E5C4F0A0016E082 /* LoginVC.xib */ = {isa = PBXFileReference; lastKnownFileType = file.xib; path = LoginVC.xib; sourceTree = "<group>"; };
		887E23732E5C53EF0016E082 /* Extentions.swift */ = {isa = PBXFileReference; lastKnownFileType = sourcecode.swift; path = Extentions.swift; sourceTree = "<group>"; };
		887E23742E5C53EF0016E082 /* NSDateComponents+Timepiece.swift */ = {isa = PBXFileReference; lastKnownFileType = sourcecode.swift; path = "NSDateComponents+Timepiece.swift"; sourceTree = "<group>"; };
		887E23752E5C53EF0016E082 /* NSCalendar+Timepiece.swift */ = {isa = PBXFileReference; lastKnownFileType = sourcecode.swift; path = "NSCalendar+Timepiece.swift"; sourceTree = "<group>"; };
		887E23762E5C53EF0016E082 /* Int+Timepiece.swift */ = {isa = PBXFileReference; lastKnownFileType = sourcecode.swift; path = "Int+Timepiece.swift"; sourceTree = "<group>"; };
		887E23772E5C53EF0016E082 /* WWCalendarTimeSelector.storyboard */ = {isa = PBXFileReference; lastKnownFileType = file.storyboard; path = WWCalendarTimeSelector.storyboard; sourceTree = "<group>"; };
		887E23782E5C53EF0016E082 /* WWCalendarTimeSelector.swift */ = {isa = PBXFileReference; lastKnownFileType = sourcecode.swift; path = WWCalendarTimeSelector.swift; sourceTree = "<group>"; };
		887E23792E5C53EF0016E082 /* NSDate+Timepiece.swift */ = {isa = PBXFileReference; lastKnownFileType = sourcecode.swift; path = "NSDate+Timepiece.swift"; sourceTree = "<group>"; };
		887E237A2E5C53EF0016E082 /* String+Timepiece.swift */ = {isa = PBXFileReference; lastKnownFileType = sourcecode.swift; path = "String+Timepiece.swift"; sourceTree = "<group>"; };
		887E237B2E5C53EF0016E082 /* Duration.swift */ = {isa = PBXFileReference; lastKnownFileType = sourcecode.swift; path = Duration.swift; sourceTree = "<group>"; };
		887E237D2E5C53EF0016E082 /* ImagePicker.swift */ = {isa = PBXFileReference; lastKnownFileType = sourcecode.swift; path = ImagePicker.swift; sourceTree = "<group>"; };
		887E237E2E5C53EF0016E082 /* PickerViewViewController.swift */ = {isa = PBXFileReference; lastKnownFileType = sourcecode.swift; path = PickerViewViewController.swift; sourceTree = "<group>"; };
		887E237F2E5C53EF0016E082 /* VideoPicker.swift */ = {isa = PBXFileReference; lastKnownFileType = sourcecode.swift; path = VideoPicker.swift; sourceTree = "<group>"; };
		887E23812E5C53EF0016E082 /* AppUtilites.swift */ = {isa = PBXFileReference; lastKnownFileType = sourcecode.swift; path = AppUtilites.swift; sourceTree = "<group>"; };
		887E23822E5C53EF0016E082 /* AGDesignable.swift */ = {isa = PBXFileReference; lastKnownFileType = sourcecode.swift; path = AGDesignable.swift; sourceTree = "<group>"; };
		887E23832E5C53EF0016E082 /* AppConstants.swift */ = {isa = PBXFileReference; lastKnownFileType = sourcecode.swift; path = AppConstants.swift; sourceTree = "<group>"; };
		887E23A02E5C55970016E082 /* UIView+Extension.swift */ = {isa = PBXFileReference; lastKnownFileType = sourcecode.swift; path = "UIView+Extension.swift"; sourceTree = "<group>"; };
		887E23A12E5C55970016E082 /* UIColor+Extention.swift */ = {isa = PBXFileReference; lastKnownFileType = sourcecode.swift; path = "UIColor+Extention.swift"; sourceTree = "<group>"; };
		887E23A22E5C55970016E082 /* UIFont+Extension.swift */ = {isa = PBXFileReference; lastKnownFileType = sourcecode.swift; path = "UIFont+Extension.swift"; sourceTree = "<group>"; };
		887E23A32E5C55970016E082 /* UIImageView+Extension.swift */ = {isa = PBXFileReference; lastKnownFileType = sourcecode.swift; path = "UIImageView+Extension.swift"; sourceTree = "<group>"; };
		887E23A42E5C55970016E082 /* String+Extension.swift */ = {isa = PBXFileReference; lastKnownFileType = sourcecode.swift; path = "String+Extension.swift"; sourceTree = "<group>"; };
		887E23AD2E5C647C0016E082 /* ForgotPasswordVC.swift */ = {isa = PBXFileReference; lastKnownFileType = sourcecode.swift; path = ForgotPasswordVC.swift; sourceTree = "<group>"; };
		887E23AE2E5C647C0016E082 /* ForgotPasswordVC.xib */ = {isa = PBXFileReference; lastKnownFileType = file.xib; path = ForgotPasswordVC.xib; sourceTree = "<group>"; };
		888C2CD32E5C6DD20047C8E5 /* RegisterVC.swift */ = {isa = PBXFileReference; lastKnownFileType = sourcecode.swift; path = RegisterVC.swift; sourceTree = "<group>"; };
		888C2CD42E5C6DD20047C8E5 /* RegisterVC.xib */ = {isa = PBXFileReference; lastKnownFileType = file.xib; path = RegisterVC.xib; sourceTree = "<group>"; };
/* End PBXFileReference section */

/* Begin PBXFrameworksBuildPhase section */
		887E23352E5C44C50016E082 /* Frameworks */ = {
			isa = PBXFrameworksBuildPhase;
			buildActionMask = 2147483647;
			files = (
			);
			runOnlyForDeploymentPostprocessing = 0;
		};
/* End PBXFrameworksBuildPhase section */

/* Begin PBXGroup section */
		393F5A652E5C7F75009643D0 /* Cell */ = {
			isa = PBXGroup;
			children = (
				393F5A632E5C7F75009643D0 /* UserListCVCell.swift */,
				393F5A642E5C7F75009643D0 /* UserListCVCell.xib */,
			);
			path = Cell;
			sourceTree = "<group>";
		};
		393F5A682E5C7F75009643D0 /* View */ = {
			isa = PBXGroup;
			children = (
				393F5A662E5C7F75009643D0 /* HomeVC.swift */,
				393F5A672E5C7F75009643D0 /* HomeVC.xib */,
			);
			path = View;
			sourceTree = "<group>";
		};
		393F5A692E5C7F75009643D0 /* Home */ = {
			isa = PBXGroup;
			children = (
				39B244462E5C823800B0138F /* SubVC */,
				393F5A652E5C7F75009643D0 /* Cell */,
				393F5A682E5C7F75009643D0 /* View */,
			);
			path = Home;
			sourceTree = "<group>";
		};
		393F5A6F2E5C8042009643D0 /* Tabbar */ = {
			isa = PBXGroup;
			children = (
				39B244502E5C849100B0138F /* Favorites */,
				393F5A692E5C7F75009643D0 /* Home */,
			);
			path = Tabbar;
			sourceTree = "<group>";
		};
		39AD9A4A2E5C8FAC0034B1B9 /* Cell */ = {
			isa = PBXGroup;
			children = (
				39AD9A4C2E5C8FC00034B1B9 /* GalleryListCVCell */,
			);
			path = Cell;
			sourceTree = "<group>";
		};
		39AD9A4C2E5C8FC00034B1B9 /* GalleryListCVCell */ = {
			isa = PBXGroup;
			children = (
				39AD9A4D2E5C8FCF0034B1B9 /* GalleryListCVCell.swift */,
				39AD9A4E2E5C8FCF0034B1B9 /* GalleryListCVCell.xib */,
			);
			path = GalleryListCVCell;
			sourceTree = "<group>";
		};
		39B244462E5C823800B0138F /* SubVC */ = {
			isa = PBXGroup;
			children = (
				39B244582E5C883A00B0138F /* ProfileDetails */,
				39B244482E5C824800B0138F /* Active24H */,
			);
			path = SubVC;
			sourceTree = "<group>";
		};
		39B244482E5C824800B0138F /* Active24H */ = {
			isa = PBXGroup;
			children = (
				39B244492E5C825400B0138F /* Active24HVC.swift */,
				39B2444A2E5C825400B0138F /* Active24HVC.xib */,
			);
			path = Active24H;
			sourceTree = "<group>";
		};
		39B244502E5C849100B0138F /* Favorites */ = {
			isa = PBXGroup;
			children = (
				39B244522E5C849500B0138F /* View */,
			);
			path = Favorites;
			sourceTree = "<group>";
		};
		39B244522E5C849500B0138F /* View */ = {
			isa = PBXGroup;
			children = (
				39B244532E5C849D00B0138F /* FavoritesVC.swift */,
				39B244542E5C849D00B0138F /* FavoritesVC.xib */,
			);
			path = View;
			sourceTree = "<group>";
		};
		39B244582E5C883A00B0138F /* ProfileDetails */ = {
			isa = PBXGroup;
			children = (
				39AD9A4A2E5C8FAC0034B1B9 /* Cell */,
				39B244592E5C884300B0138F /* ProfileDetailsVC.swift */,
				39B2445A2E5C884300B0138F /* ProfileDetailsVC.xib */,
			);
			path = ProfileDetails;
			sourceTree = "<group>";
		};
		887E232F2E5C44C50016E082 = {
			isa = PBXGroup;
			children = (
				887E23592E5C44D00016E082 /* Love Bite */,
				887E23392E5C44C50016E082 /* Products */,
			);
			sourceTree = "<group>";
		};
		887E23392E5C44C50016E082 /* Products */ = {
			isa = PBXGroup;
			children = (
				887E23382E5C44C50016E082 /* Love Bite.app */,
			);
			name = Products;
			sourceTree = "<group>";
		};
		887E23592E5C44D00016E082 /* Love Bite */ = {
			isa = PBXGroup;
			children = (
				887E23612E5C473F0016E082 /* MVVM */,
				887E23502E5C44D00016E082 /* AppDelegate.swift */,
				887E23A52E5C55970016E082 /* Extension */,
				887E23842E5C53EF0016E082 /* Helper */,
				887E23512E5C44D00016E082 /* Assets.xcassets */,
				887E23522E5C44D00016E082 /* Info.plist */,
				887E23542E5C44D00016E082 /* LaunchScreen.storyboard */,
				887E23562E5C44D00016E082 /* Main.storyboard */,
				887E23582E5C44D00016E082 /* ViewController.swift */,
			);
			path = "Love Bite";
			sourceTree = "<group>";
		};
		887E23612E5C473F0016E082 /* MVVM */ = {
			isa = PBXGroup;
			children = (
				887E23622E5C47540016E082 /* Controller */,
			);
			path = MVVM;
			sourceTree = "<group>";
		};
		887E23622E5C47540016E082 /* Controller */ = {
			isa = PBXGroup;
			children = (
				393F5A6F2E5C8042009643D0 /* Tabbar */,
				887E23B12E5C6BAB0016E082 /* Register */,
				887E23AB2E5C64550016E082 /* ForgotPassword */,
				887E23632E5C48C70016E082 /* Login */,
			);
			path = Controller;
			sourceTree = "<group>";
		};
		887E23632E5C48C70016E082 /* Login */ = {
			isa = PBXGroup;
			children = (
				887E23642E5C4EB80016E082 /* View */,
			);
			path = Login;
			sourceTree = "<group>";
		};
		887E23642E5C4EB80016E082 /* View */ = {
			isa = PBXGroup;
			children = (
				887E23652E5C4F0A0016E082 /* LoginVC.swift */,
				887E23662E5C4F0A0016E082 /* LoginVC.xib */,
			);
			path = View;
			sourceTree = "<group>";
		};
		887E237C2E5C53EF0016E082 /* Sources */ = {
			isa = PBXGroup;
			children = (
				887E23732E5C53EF0016E082 /* Extentions.swift */,
				887E23742E5C53EF0016E082 /* NSDateComponents+Timepiece.swift */,
				887E23752E5C53EF0016E082 /* NSCalendar+Timepiece.swift */,
				887E23762E5C53EF0016E082 /* Int+Timepiece.swift */,
				887E23772E5C53EF0016E082 /* WWCalendarTimeSelector.storyboard */,
				887E23782E5C53EF0016E082 /* WWCalendarTimeSelector.swift */,
				887E23792E5C53EF0016E082 /* NSDate+Timepiece.swift */,
				887E237A2E5C53EF0016E082 /* String+Timepiece.swift */,
				887E237B2E5C53EF0016E082 /* Duration.swift */,
			);
			path = Sources;
			sourceTree = "<group>";
		};
		887E23802E5C53EF0016E082 /* PickerView */ = {
			isa = PBXGroup;
			children = (
				887E237C2E5C53EF0016E082 /* Sources */,
				887E237D2E5C53EF0016E082 /* ImagePicker.swift */,
				887E237E2E5C53EF0016E082 /* PickerViewViewController.swift */,
				887E237F2E5C53EF0016E082 /* VideoPicker.swift */,
			);
			path = PickerView;
			sourceTree = "<group>";
		};
		887E23842E5C53EF0016E082 /* Helper */ = {
			isa = PBXGroup;
			children = (
				887E23802E5C53EF0016E082 /* PickerView */,
				887E23812E5C53EF0016E082 /* AppUtilites.swift */,
				887E23822E5C53EF0016E082 /* AGDesignable.swift */,
				887E23832E5C53EF0016E082 /* AppConstants.swift */,
			);
			path = Helper;
			sourceTree = "<group>";
		};
		887E23A52E5C55970016E082 /* Extension */ = {
			isa = PBXGroup;
			children = (
				887E23A02E5C55970016E082 /* UIView+Extension.swift */,
				39B2444D2E5C82BB00B0138F /* UIViewController+Extension.swift */,
				887E23A12E5C55970016E082 /* UIColor+Extention.swift */,
				887E23A22E5C55970016E082 /* UIFont+Extension.swift */,
				887E23A32E5C55970016E082 /* UIImageView+Extension.swift */,
				887E23A42E5C55970016E082 /* String+Extension.swift */,
			);
			path = Extension;
			sourceTree = "<group>";
		};
		887E23AB2E5C64550016E082 /* ForgotPassword */ = {
			isa = PBXGroup;
			children = (
				887E23AC2E5C64620016E082 /* View */,
			);
			path = ForgotPassword;
			sourceTree = "<group>";
		};
		887E23AC2E5C64620016E082 /* View */ = {
			isa = PBXGroup;
			children = (
				887E23AD2E5C647C0016E082 /* ForgotPasswordVC.swift */,
				887E23AE2E5C647C0016E082 /* ForgotPasswordVC.xib */,
			);
			path = View;
			sourceTree = "<group>";
		};
		887E23B12E5C6BAB0016E082 /* Register */ = {
			isa = PBXGroup;
			children = (
				887E23B22E5C6BDC0016E082 /* View */,
			);
			path = Register;
			sourceTree = "<group>";
		};
		887E23B22E5C6BDC0016E082 /* View */ = {
			isa = PBXGroup;
			children = (
				888C2CD32E5C6DD20047C8E5 /* RegisterVC.swift */,
				888C2CD42E5C6DD20047C8E5 /* RegisterVC.xib */,
			);
			path = View;
			sourceTree = "<group>";
		};
/* End PBXGroup section */

/* Begin PBXNativeTarget section */
		887E23372E5C44C50016E082 /* Love Bite */ = {
			isa = PBXNativeTarget;
			buildConfigurationList = 887E234B2E5C44C70016E082 /* Build configuration list for PBXNativeTarget "Love Bite" */;
			buildPhases = (
				887E23342E5C44C50016E082 /* Sources */,
				887E23352E5C44C50016E082 /* Frameworks */,
				887E23362E5C44C50016E082 /* Resources */,
			);
			buildRules = (
			);
			dependencies = (
			);
			name = "Love Bite";
			packageProductDependencies = (
			);
			productName = "Love Bite";
			productReference = 887E23382E5C44C50016E082 /* Love Bite.app */;
			productType = "com.apple.product-type.application";
		};
/* End PBXNativeTarget section */

/* Begin PBXProject section */
		887E23302E5C44C50016E082 /* Project object */ = {
			isa = PBXProject;
			attributes = {
				BuildIndependentTargetsInParallel = 1;
				LastSwiftUpdateCheck = 1610;
				LastUpgradeCheck = 1610;
				TargetAttributes = {
					887E23372E5C44C50016E082 = {
						CreatedOnToolsVersion = 16.1;
					};
				};
			};
			buildConfigurationList = 887E23332E5C44C50016E082 /* Build configuration list for PBXProject "Love Bite" */;
			developmentRegion = en;
			hasScannedForEncodings = 0;
			knownRegions = (
				en,
				Base,
			);
			mainGroup = 887E232F2E5C44C50016E082;
			minimizedProjectReferenceProxies = 1;
			preferredProjectObjectVersion = 77;
			productRefGroup = 887E23392E5C44C50016E082 /* Products */;
			projectDirPath = "";
			projectRoot = "";
			targets = (
				887E23372E5C44C50016E082 /* Love Bite */,
			);
		};
/* End PBXProject section */

/* Begin PBXResourcesBuildPhase section */
		887E23362E5C44C50016E082 /* Resources */ = {
			isa = PBXResourcesBuildPhase;
			buildActionMask = 2147483647;
			files = (
				887E235D2E5C44D00016E082 /* Assets.xcassets in Resources */,
				887E23942E5C53EF0016E082 /* WWCalendarTimeSelector.storyboard in Resources */,
				887E235F2E5C44D00016E082 /* LaunchScreen.storyboard in Resources */,
				39B2444C2E5C825400B0138F /* Active24HVC.xib in Resources */,
				887E23672E5C4F0A0016E082 /* LoginVC.xib in Resources */,
				39AD9A4F2E5C8FCF0034B1B9 /* GalleryListCVCell.xib in Resources */,
				39B244562E5C849D00B0138F /* FavoritesVC.xib in Resources */,
				393F5A6C2E5C7F75009643D0 /* UserListCVCell.xib in Resources */,
				393F5A6D2E5C7F75009643D0 /* HomeVC.xib in Resources */,
				888C2CD52E5C6DD20047C8E5 /* RegisterVC.xib in Resources */,
				39B2445C2E5C884300B0138F /* ProfileDetailsVC.xib in Resources */,
				887E23AF2E5C647C0016E082 /* ForgotPasswordVC.xib in Resources */,
				887E23602E5C44D00016E082 /* Main.storyboard in Resources */,
			);
			runOnlyForDeploymentPostprocessing = 0;
		};
/* End PBXResourcesBuildPhase section */

/* Begin PBXSourcesBuildPhase section */
		887E23342E5C44C50016E082 /* Sources */ = {
			isa = PBXSourcesBuildPhase;
			buildActionMask = 2147483647;
			files = (
				887E23A62E5C55970016E082 /* String+Extension.swift in Sources */,
				887E23A72E5C55970016E082 /* UIView+Extension.swift in Sources */,
				887E23A82E5C55970016E082 /* UIColor+Extention.swift in Sources */,
				887E23A92E5C55970016E082 /* UIFont+Extension.swift in Sources */,
				39B2444E2E5C82BB00B0138F /* UIViewController+Extension.swift in Sources */,
				887E23AA2E5C55970016E082 /* UIImageView+Extension.swift in Sources */,
				887E235A2E5C44D00016E082 /* AppDelegate.swift in Sources */,
				393F5A6A2E5C7F75009643D0 /* HomeVC.swift in Sources */,
				393F5A6B2E5C7F75009643D0 /* UserListCVCell.swift in Sources */,
				887E23B02E5C647C0016E082 /* ForgotPasswordVC.swift in Sources */,
				887E235C2E5C44D00016E082 /* ViewController.swift in Sources */,
				39B2445B2E5C884300B0138F /* ProfileDetailsVC.swift in Sources */,
				887E23852E5C53EF0016E082 /* Duration.swift in Sources */,
				888C2CD62E5C6DD20047C8E5 /* RegisterVC.swift in Sources */,
				887E23862E5C53EF0016E082 /* AppUtilites.swift in Sources */,
				887E23872E5C53EF0016E082 /* String+Timepiece.swift in Sources */,
				887E23882E5C53EF0016E082 /* AppConstants.swift in Sources */,
				39B2444B2E5C825400B0138F /* Active24HVC.swift in Sources */,
				887E23892E5C53EF0016E082 /* WWCalendarTimeSelector.swift in Sources */,
				887E238B2E5C53EF0016E082 /* VideoPicker.swift in Sources */,
				887E238C2E5C53EF0016E082 /* ImagePicker.swift in Sources */,
				887E238D2E5C53EF0016E082 /* NSDate+Timepiece.swift in Sources */,
				887E238E2E5C53EF0016E082 /* NSDateComponents+Timepiece.swift in Sources */,
				39B244552E5C849D00B0138F /* FavoritesVC.swift in Sources */,
				887E238F2E5C53EF0016E082 /* Extentions.swift in Sources */,
				887E23902E5C53EF0016E082 /* NSCalendar+Timepiece.swift in Sources */,
				887E23912E5C53EF0016E082 /* PickerViewViewController.swift in Sources */,
				39AD9A502E5C8FCF0034B1B9 /* GalleryListCVCell.swift in Sources */,
				887E23922E5C53EF0016E082 /* AGDesignable.swift in Sources */,
				887E23932E5C53EF0016E082 /* Int+Timepiece.swift in Sources */,
				887E23682E5C4F0A0016E082 /* LoginVC.swift in Sources */,
			);
			runOnlyForDeploymentPostprocessing = 0;
		};
/* End PBXSourcesBuildPhase section */

/* Begin PBXVariantGroup section */
		887E23542E5C44D00016E082 /* LaunchScreen.storyboard */ = {
			isa = PBXVariantGroup;
			children = (
				887E23532E5C44D00016E082 /* Base */,
			);
			name = LaunchScreen.storyboard;
			sourceTree = "<group>";
		};
		887E23562E5C44D00016E082 /* Main.storyboard */ = {
			isa = PBXVariantGroup;
			children = (
				887E23552E5C44D00016E082 /* Base */,
			);
			name = Main.storyboard;
			sourceTree = "<group>";
		};
/* End PBXVariantGroup section */

/* Begin XCBuildConfiguration section */
		887E234C2E5C44C70016E082 /* Debug */ = {
			isa = XCBuildConfiguration;
			buildSettings = {
				ASSETCATALOG_COMPILER_APPICON_NAME = AppIcon;
				ASSETCATALOG_COMPILER_GLOBAL_ACCENT_COLOR_NAME = AccentColor;
				CODE_SIGN_STYLE = Automatic;
				CURRENT_PROJECT_VERSION = 1;
				GENERATE_INFOPLIST_FILE = YES;
				INFOPLIST_FILE = "Love Bite/Info.plist";
				INFOPLIST_KEY_UIApplicationSupportsIndirectInputEvents = YES;
				INFOPLIST_KEY_UILaunchStoryboardName = LaunchScreen;
				INFOPLIST_KEY_UIMainStoryboardFile = Main;
				INFOPLIST_KEY_UISupportedInterfaceOrientations = UIInterfaceOrientationPortrait;
				INFOPLIST_KEY_UISupportedInterfaceOrientations_iPad = "UIInterfaceOrientationPortrait UIInterfaceOrientationPortraitUpsideDown";
				IPHONEOS_DEPLOYMENT_TARGET = 13.0;
				LD_RUNPATH_SEARCH_PATHS = (
					"$(inherited)",
					"@executable_path/Frameworks",
				);
				MARKETING_VERSION = 1.0;
				PRODUCT_BUNDLE_IDENTIFIER = com.CB.LoveBite;
				PRODUCT_NAME = "$(TARGET_NAME)";
				SUPPORTED_PLATFORMS = "iphoneos iphonesimulator";
				SUPPORTS_MACCATALYST = NO;
				SUPPORTS_MAC_DESIGNED_FOR_IPHONE_IPAD = NO;
				SUPPORTS_XR_DESIGNED_FOR_IPHONE_IPAD = NO;
				SWIFT_EMIT_LOC_STRINGS = YES;
				SWIFT_VERSION = 5.0;
				TARGETED_DEVICE_FAMILY = "1,2";
			};
			name = Debug;
		};
		887E234D2E5C44C70016E082 /* Release */ = {
			isa = XCBuildConfiguration;
			buildSettings = {
				ASSETCATALOG_COMPILER_APPICON_NAME = AppIcon;
				ASSETCATALOG_COMPILER_GLOBAL_ACCENT_COLOR_NAME = AccentColor;
				CODE_SIGN_STYLE = Automatic;
				CURRENT_PROJECT_VERSION = 1;
				GENERATE_INFOPLIST_FILE = YES;
				INFOPLIST_FILE = "Love Bite/Info.plist";
				INFOPLIST_KEY_UIApplicationSupportsIndirectInputEvents = YES;
				INFOPLIST_KEY_UILaunchStoryboardName = LaunchScreen;
				INFOPLIST_KEY_UIMainStoryboardFile = Main;
				INFOPLIST_KEY_UISupportedInterfaceOrientations = UIInterfaceOrientationPortrait;
				INFOPLIST_KEY_UISupportedInterfaceOrientations_iPad = "UIInterfaceOrientationPortrait UIInterfaceOrientationPortraitUpsideDown";
				IPHONEOS_DEPLOYMENT_TARGET = 13.0;
				LD_RUNPATH_SEARCH_PATHS = (
					"$(inherited)",
					"@executable_path/Frameworks",
				);
				MARKETING_VERSION = 1.0;
				PRODUCT_BUNDLE_IDENTIFIER = com.CB.LoveBite;
				PRODUCT_NAME = "$(TARGET_NAME)";
				SUPPORTED_PLATFORMS = "iphoneos iphonesimulator";
				SUPPORTS_MACCATALYST = NO;
				SUPPORTS_MAC_DESIGNED_FOR_IPHONE_IPAD = NO;
				SUPPORTS_XR_DESIGNED_FOR_IPHONE_IPAD = NO;
				SWIFT_EMIT_LOC_STRINGS = YES;
				SWIFT_VERSION = 5.0;
				TARGETED_DEVICE_FAMILY = "1,2";
			};
			name = Release;
		};
		887E234E2E5C44C70016E082 /* Debug */ = {
			isa = XCBuildConfiguration;
			buildSettings = {
				ALWAYS_SEARCH_USER_PATHS = NO;
				ASSETCATALOG_COMPILER_GENERATE_SWIFT_ASSET_SYMBOL_EXTENSIONS = YES;
				CLANG_ANALYZER_NONNULL = YES;
				CLANG_ANALYZER_NUMBER_OBJECT_CONVERSION = YES_AGGRESSIVE;
				CLANG_CXX_LANGUAGE_STANDARD = "gnu++20";
				CLANG_ENABLE_MODULES = YES;
				CLANG_ENABLE_OBJC_ARC = YES;
				CLANG_ENABLE_OBJC_WEAK = YES;
				CLANG_WARN_BLOCK_CAPTURE_AUTORELEASING = YES;
				CLANG_WARN_BOOL_CONVERSION = YES;
				CLANG_WARN_COMMA = YES;
				CLANG_WARN_CONSTANT_CONVERSION = YES;
				CLANG_WARN_DEPRECATED_OBJC_IMPLEMENTATIONS = YES;
				CLANG_WARN_DIRECT_OBJC_ISA_USAGE = YES_ERROR;
				CLANG_WARN_DOCUMENTATION_COMMENTS = YES;
				CLANG_WARN_EMPTY_BODY = YES;
				CLANG_WARN_ENUM_CONVERSION = YES;
				CLANG_WARN_INFINITE_RECURSION = YES;
				CLANG_WARN_INT_CONVERSION = YES;
				CLANG_WARN_NON_LITERAL_NULL_CONVERSION = YES;
				CLANG_WARN_OBJC_IMPLICIT_RETAIN_SELF = YES;
				CLANG_WARN_OBJC_LITERAL_CONVERSION = YES;
				CLANG_WARN_OBJC_ROOT_CLASS = YES_ERROR;
				CLANG_WARN_QUOTED_INCLUDE_IN_FRAMEWORK_HEADER = YES;
				CLANG_WARN_RANGE_LOOP_ANALYSIS = YES;
				CLANG_WARN_STRICT_PROTOTYPES = YES;
				CLANG_WARN_SUSPICIOUS_MOVE = YES;
				CLANG_WARN_UNGUARDED_AVAILABILITY = YES_AGGRESSIVE;
				CLANG_WARN_UNREACHABLE_CODE = YES;
				CLANG_WARN__DUPLICATE_METHOD_MATCH = YES;
				COPY_PHASE_STRIP = NO;
				DEBUG_INFORMATION_FORMAT = dwarf;
				ENABLE_STRICT_OBJC_MSGSEND = YES;
				ENABLE_TESTABILITY = YES;
				ENABLE_USER_SCRIPT_SANDBOXING = YES;
				GCC_C_LANGUAGE_STANDARD = gnu17;
				GCC_DYNAMIC_NO_PIC = NO;
				GCC_NO_COMMON_BLOCKS = YES;
				GCC_OPTIMIZATION_LEVEL = 0;
				GCC_PREPROCESSOR_DEFINITIONS = (
					"DEBUG=1",
					"$(inherited)",
				);
				GCC_WARN_64_TO_32_BIT_CONVERSION = YES;
				GCC_WARN_ABOUT_RETURN_TYPE = YES_ERROR;
				GCC_WARN_UNDECLARED_SELECTOR = YES;
				GCC_WARN_UNINITIALIZED_AUTOS = YES_AGGRESSIVE;
				GCC_WARN_UNUSED_FUNCTION = YES;
				GCC_WARN_UNUSED_VARIABLE = YES;
				IPHONEOS_DEPLOYMENT_TARGET = 18.1;
				LOCALIZATION_PREFERS_STRING_CATALOGS = YES;
				MTL_ENABLE_DEBUG_INFO = INCLUDE_SOURCE;
				MTL_FAST_MATH = YES;
				ONLY_ACTIVE_ARCH = YES;
				SDKROOT = iphoneos;
				SWIFT_ACTIVE_COMPILATION_CONDITIONS = "DEBUG $(inherited)";
				SWIFT_OPTIMIZATION_LEVEL = "-Onone";
			};
			name = Debug;
		};
		887E234F2E5C44C70016E082 /* Release */ = {
			isa = XCBuildConfiguration;
			buildSettings = {
				ALWAYS_SEARCH_USER_PATHS = NO;
				ASSETCATALOG_COMPILER_GENERATE_SWIFT_ASSET_SYMBOL_EXTENSIONS = YES;
				CLANG_ANALYZER_NONNULL = YES;
				CLANG_ANALYZER_NUMBER_OBJECT_CONVERSION = YES_AGGRESSIVE;
				CLANG_CXX_LANGUAGE_STANDARD = "gnu++20";
				CLANG_ENABLE_MODULES = YES;
				CLANG_ENABLE_OBJC_ARC = YES;
				CLANG_ENABLE_OBJC_WEAK = YES;
				CLANG_WARN_BLOCK_CAPTURE_AUTORELEASING = YES;
				CLANG_WARN_BOOL_CONVERSION = YES;
				CLANG_WARN_COMMA = YES;
				CLANG_WARN_CONSTANT_CONVERSION = YES;
				CLANG_WARN_DEPRECATED_OBJC_IMPLEMENTATIONS = YES;
				CLANG_WARN_DIRECT_OBJC_ISA_USAGE = YES_ERROR;
				CLANG_WARN_DOCUMENTATION_COMMENTS = YES;
				CLANG_WARN_EMPTY_BODY = YES;
				CLANG_WARN_ENUM_CONVERSION = YES;
				CLANG_WARN_INFINITE_RECURSION = YES;
				CLANG_WARN_INT_CONVERSION = YES;
				CLANG_WARN_NON_LITERAL_NULL_CONVERSION = YES;
				CLANG_WARN_OBJC_IMPLICIT_RETAIN_SELF = YES;
				CLANG_WARN_OBJC_LITERAL_CONVERSION = YES;
				CLANG_WARN_OBJC_ROOT_CLASS = YES_ERROR;
				CLANG_WARN_QUOTED_INCLUDE_IN_FRAMEWORK_HEADER = YES;
				CLANG_WARN_RANGE_LOOP_ANALYSIS = YES;
				CLANG_WARN_STRICT_PROTOTYPES = YES;
				CLANG_WARN_SUSPICIOUS_MOVE = YES;
				CLANG_WARN_UNGUARDED_AVAILABILITY = YES_AGGRESSIVE;
				CLANG_WARN_UNREACHABLE_CODE = YES;
				CLANG_WARN__DUPLICATE_METHOD_MATCH = YES;
				COPY_PHASE_STRIP = NO;
				DEBUG_INFORMATION_FORMAT = "dwarf-with-dsym";
				ENABLE_NS_ASSERTIONS = NO;
				ENABLE_STRICT_OBJC_MSGSEND = YES;
				ENABLE_USER_SCRIPT_SANDBOXING = YES;
				GCC_C_LANGUAGE_STANDARD = gnu17;
				GCC_NO_COMMON_BLOCKS = YES;
				GCC_WARN_64_TO_32_BIT_CONVERSION = YES;
				GCC_WARN_ABOUT_RETURN_TYPE = YES_ERROR;
				GCC_WARN_UNDECLARED_SELECTOR = YES;
				GCC_WARN_UNINITIALIZED_AUTOS = YES_AGGRESSIVE;
				GCC_WARN_UNUSED_FUNCTION = YES;
				GCC_WARN_UNUSED_VARIABLE = YES;
				IPHONEOS_DEPLOYMENT_TARGET = 18.1;
				LOCALIZATION_PREFERS_STRING_CATALOGS = YES;
				MTL_ENABLE_DEBUG_INFO = NO;
				MTL_FAST_MATH = YES;
				SDKROOT = iphoneos;
				SWIFT_COMPILATION_MODE = wholemodule;
				VALIDATE_PRODUCT = YES;
			};
			name = Release;
		};
/* End XCBuildConfiguration section */

/* Begin XCConfigurationList section */
		887E23332E5C44C50016E082 /* Build configuration list for PBXProject "Love Bite" */ = {
			isa = XCConfigurationList;
			buildConfigurations = (
				887E234E2E5C44C70016E082 /* Debug */,
				887E234F2E5C44C70016E082 /* Release */,
			);
			defaultConfigurationIsVisible = 0;
			defaultConfigurationName = Release;
		};
		887E234B2E5C44C70016E082 /* Build configuration list for PBXNativeTarget "Love Bite" */ = {
			isa = XCConfigurationList;
			buildConfigurations = (
				887E234C2E5C44C70016E082 /* Debug */,
				887E234D2E5C44C70016E082 /* Release */,
			);
			defaultConfigurationIsVisible = 0;
			defaultConfigurationName = Release;
		};
/* End XCConfigurationList section */
	};
	rootObject = 887E23302E5C44C50016E082 /* Project object */;
}
